{
  "version": 4,
  "terraform_version": "1.7.5",
  "serial": 270,
  "lineage": "cf8a488a-6393-86ed-f690-2957f146365f",
  "outputs": {
    "api_endpoint": {
      "value": "https://kp99iu8hrc.execute-api.us-east-1.amazonaws.com",
      "type": "string"
    },
    "cloudfront_domain_name": {
      "value": "d39sr1v8scwccx.cloudfront.net",
      "type": "string"
    },
    "frontend_bucket_name": {
      "value": "budgetbot-hackathon-frontend-873fca3d",
      "type": "string"
    },
    "lambda_function_name": {
      "value": "budgetbot-hackathon-backend",
      "type": "string"
    }
  },
  "resources": [
    {
      "mode": "data",
      "type": "archive_file",
      "name": "dummy_lambda",
      "provider": "provider[\"registry.terraform.io/hashicorp/archive\"]",
      "instances": [
        {
          "schema_version": 0,
          "attributes": {
            "exclude_symlink_directories": null,
            "excludes": null,
            "id": "ca29028f518d2b76ab9d2d4ad9a61c77ef9fa06d",
            "output_base64sha256": "uZRxnhPUDpThw2959tk1r3LF+It1UDeB513iXO0Gia0=",
            "output_base64sha512": "1Cs0EuQbZ8LstYtS6B/lyw62XJI23DJEuF3jc+Ik4r8WRSsoRivl86Vv55iB9ccYOvsLjwKt8P7eMLMkXTq6Yw==",
            "output_file_mode": null,
            "output_md5": "1bef2505bbcb3cbfa2c703f616c75960",
            "output_path": "./dummy.zip",
            "output_sha": "ca29028f518d2b76ab9d2d4ad9a61c77ef9fa06d",
            "output_sha256": "b994719e13d40e94e1c36f79f6d935af72c5f88b75503781e75de25ced0689ad",
            "output_sha512": "d42b3412e41b67c2ecb58b52e81fe5cb0eb65c9236dc3244b85de373e224e2bf16452b28462be5f3a56fe79881f5c7183afb0b8f02adf0fede30b3245d3aba63",
            "output_size": 187,
            "source": [
              {
                "content": "def handler(event, context): return {'statusCode': 200}",
                "filename": "app.py"
              }
            ],
            "source_content": null,
            "source_content_filename": null,
            "source_dir": null,
            "source_file": null,
            "type": "zip"
          },
          "sensitive_attributes": []
        }
      ]
    },
    {
      "mode": "data",
      "type": "aws_availability_zones",
      "name": "available",
      "provider": "provider[\"registry.terraform.io/hashicorp/aws\"]",
      "instances": [
        {
          "schema_version": 0,
          "attributes": {
            "all_availability_zones": null,
            "exclude_names": null,
            "exclude_zone_ids": null,
            "filter": null,
            "group_names": [
              "us-east-1-zg-1"
            ],
            "id": "us-east-1",
            "names": [
              "us-east-1a",
              "us-east-1b",
              "us-east-1c",
              "us-east-1d",
              "us-east-1e",
              "us-east-1f"
            ],
            "state": "available",
            "timeouts": null,
            "zone_ids": [
              "use1-az1",
              "use1-az2",
              "use1-az4",
              "use1-az6",
              "use1-az3",
              "use1-az5"
            ]
          },
          "sensitive_attributes": []
        }
      ]
    },
    {
      "mode": "data",
      "type": "aws_iam_policy_document",
      "name": "backend_permissions",
      "provider": "provider[\"registry.terraform.io/hashicorp/aws\"]",
      "instances": [
        {
          "schema_version": 0,
          "attributes": {
            "id": "814366090",
            "json": "{\n  \"Version\": \"2012-10-17\",\n  \"Statement\": [\n    {\n      \"Effect\": \"Allow\",\n      \"Action\": [\n        \"dynamodb:UpdateItem\",\n        \"dynamodb:Scan\",\n        \"dynamodb:Query\",\n        \"dynamodb:PutItem\",\n        \"dynamodb:GetItem\",\n        \"dynamodb:DeleteItem\"\n      ],\n      \"Resource\": [\n        \"arn:aws:dynamodb:us-east-1:610175138509:table/budgetbot-hackathon-users/index/*\",\n        \"arn:aws:dynamodb:us-east-1:610175138509:table/budgetbot-hackathon-users\",\n        \"arn:aws:dynamodb:us-east-1:610175138509:table/budgetbot-hackathon-transactions/index/*\",\n        \"arn:aws:dynamodb:us-east-1:610175138509:table/budgetbot-hackathon-transactions\"\n      ]\n    },\n    {\n      \"Effect\": \"Allow\",\n      \"Action\": [\n        \"s3:PutObject\",\n        \"s3:GetObject\"\n      ],\n      \"Resource\": \"arn:aws:s3:::budgetbot-hackathon-uploads-873fca3d/*\"\n    },\n    {\n      \"Effect\": \"Allow\",\n      \"Action\": [\n        \"kms:GenerateDataKey\",\n        \"kms:Decrypt\"\n      ],\n      \"Resource\": \"arn:aws:kms:us-east-1:610175138509:key/a5ef4d75-f3e0-432a-9bb9-5fa3ae83c971\"\n    },\n    {\n      \"Effect\": \"Allow\",\n      \"Action\": [\n        \"textract:DetectDocumentText\",\n        \"bedrock:InvokeModel\"\n      ],\n      \"Resource\": \"*\"\n    }\n  ]\n}",
            "minified_json": "{\"Version\":\"2012-10-17\",\"Statement\":[{\"Effect\":\"Allow\",\"Action\":[\"dynamodb:UpdateItem\",\"dynamodb:Scan\",\"dynamodb:Query\",\"dynamodb:PutItem\",\"dynamodb:GetItem\",\"dynamodb:DeleteItem\"],\"Resource\":[\"arn:aws:dynamodb:us-east-1:610175138509:table/budgetbot-hackathon-users/index/*\",\"arn:aws:dynamodb:us-east-1:610175138509:table/budgetbot-hackathon-users\",\"arn:aws:dynamodb:us-east-1:610175138509:table/budgetbot-hackathon-transactions/index/*\",\"arn:aws:dynamodb:us-east-1:610175138509:table/budgetbot-hackathon-transactions\"]},{\"Effect\":\"Allow\",\"Action\":[\"s3:PutObject\",\"s3:GetObject\"],\"Resource\":\"arn:aws:s3:::budgetbot-hackathon-uploads-873fca3d/*\"},{\"Effect\":\"Allow\",\"Action\":[\"kms:GenerateDataKey\",\"kms:Decrypt\"],\"Resource\":\"arn:aws:kms:us-east-1:610175138509:key/a5ef4d75-f3e0-432a-9bb9-5fa3ae83c971\"},{\"Effect\":\"Allow\",\"Action\":[\"textract:DetectDocumentText\",\"bedrock:InvokeModel\"],\"Resource\":\"*\"}]}",
            "override_json": null,
            "override_policy_documents": null,
            "policy_id": null,
            "source_json": null,
            "source_policy_documents": null,
            "statement": [
              {
                "actions": [
                  "dynamodb:DeleteItem",
                  "dynamodb:GetItem",
                  "dynamodb:PutItem",
                  "dynamodb:Query",
                  "dynamodb:Scan",
                  "dynamodb:UpdateItem"
                ],
                "condition": [],
                "effect": "Allow",
                "not_actions": [],
                "not_principals": [],
                "not_resources": [],
                "principals": [],
                "resources": [
                  "arn:aws:dynamodb:us-east-1:610175138509:table/budgetbot-hackathon-transactions",
                  "arn:aws:dynamodb:us-east-1:610175138509:table/budgetbot-hackathon-transactions/index/*",
                  "arn:aws:dynamodb:us-east-1:610175138509:table/budgetbot-hackathon-users",
                  "arn:aws:dynamodb:us-east-1:610175138509:table/budgetbot-hackathon-users/index/*"
                ],
                "sid": ""
              },
              {
                "actions": [
                  "s3:GetObject",
                  "s3:PutObject"
                ],
                "condition": [],
                "effect": "Allow",
                "not_actions": [],
                "not_principals": [],
                "not_resources": [],
                "principals": [],
                "resources": [
                  "arn:aws:s3:::budgetbot-hackathon-uploads-873fca3d/*"
                ],
                "sid": ""
              },
              {
                "actions": [
                  "kms:Decrypt",
                  "kms:GenerateDataKey"
                ],
                "condition": [],
                "effect": "Allow",
                "not_actions": [],
                "not_principals": [],
                "not_resources": [],
                "principals": [],
                "resources": [
                  "arn:aws:kms:us-east-1:610175138509:key/a5ef4d75-f3e0-432a-9bb9-5fa3ae83c971"
                ],
                "sid": ""
              },
              {
                "actions": [
                  "bedrock:InvokeModel",
                  "textract:DetectDocumentText"
                ],
                "condition": [],
                "effect": "Allow",
                "not_actions": [],
                "not_principals": [],
                "not_resources": [],
                "principals": [],
                "resources": [
                  "*"
                ],
                "sid": ""
              }
            ],
            "version": "2012-10-17"
          },
          "sensitive_attributes": []
        }
      ]
    },
    {
      "mode": "data",
      "type": "aws_iam_policy_document",
      "name": "lambda_assume_role",
      "provider": "provider[\"registry.terraform.io/hashicorp/aws\"]",
      "instances": [
        {
          "schema_version": 0,
          "attributes": {
            "id": "2690255455",
            "json": "{\n  \"Version\": \"2012-10-17\",\n  \"Statement\": [\n    {\n      \"Effect\": \"Allow\",\n      \"Action\": \"sts:AssumeRole\",\n      \"Principal\": {\n        \"Service\": \"lambda.amazonaws.com\"\n      }\n    }\n  ]\n}",
            "minified_json": "{\"Version\":\"2012-10-17\",\"Statement\":[{\"Effect\":\"Allow\",\"Action\":\"sts:AssumeRole\",\"Principal\":{\"Service\":\"lambda.amazonaws.com\"}}]}",
            "override_json": null,
            "override_policy_documents": null,
            "policy_id": null,
            "source_json": null,
            "source_policy_documents": null,
            "statement": [
              {
                "actions": [
                  "sts:AssumeRole"
                ],
                "condition": [],
                "effect": "Allow",
                "not_actions": [],
                "not_principals": [],
                "not_resources": [],
                "principals": [
                  {
                    "identifiers": [
                      "lambda.amazonaws.com"
                    ],
                    "type": "Service"
                  }
                ],
                "resources": [],
                "sid": ""
              }
            ],
            "version": "2012-10-17"
          },
          "sensitive_attributes": []
        }
      ]
    },
    {
      "mode": "managed",
      "type": "aws_apigatewayv2_api",
      "name": "http_api",
      "provider": "provider[\"registry.terraform.io/hashicorp/aws\"]",
      "instances": [
        {
          "schema_version": 0,
          "attributes": {
            "api_endpoint": "https://kp99iu8hrc.execute-api.us-east-1.amazonaws.com",
            "api_key_selection_expression": "$request.header.x-api-key",
            "arn": "arn:aws:apigateway:us-east-1::/apis/kp99iu8hrc",
            "body": null,
            "cors_configuration": [
              {
                "allow_credentials": false,
                "allow_headers": [
                  "*"
                ],
                "allow_methods": [
                  "*"
                ],
                "allow_origins": [
                  "*"
                ],
                "expose_headers": [],
                "max_age": 0
              }
            ],
            "credentials_arn": null,
            "description": "",
            "disable_execute_api_endpoint": false,
            "execution_arn": "arn:aws:execute-api:us-east-1:610175138509:kp99iu8hrc",
            "fail_on_warnings": null,
            "id": "kp99iu8hrc",
            "ip_address_type": "ipv4",
            "name": "budgetbot-hackathon-api",
            "protocol_type": "HTTP",
            "route_key": null,
            "route_selection_expression": "$request.method $request.path",
            "tags": {},
            "tags_all": {
              "CostCenter": "G13",
              "Environment": "hackathon",
              "ManagedBy": "Terraform",
              "Owner": "ptientr.dev@gmail.com",
              "Project": "W7Capstone",
              "Team": "G13"
            },
            "target": null,
            "version": ""
          },
          "sensitive_attributes": [],
          "private": "bnVsbA=="
        }
      ]
    },
    {
      "mode": "managed",
      "type": "aws_apigatewayv2_integration",
      "name": "lambda",
      "provider": "provider[\"registry.terraform.io/hashicorp/aws\"]",
      "instances": [
        {
          "schema_version": 0,
          "attributes": {
            "api_id": "kp99iu8hrc",
            "connection_id": "",
            "connection_type": "INTERNET",
            "content_handling_strategy": "",
            "credentials_arn": "",
            "description": "",
            "id": "z517b0b",
            "integration_method": "POST",
            "integration_response_selection_expression": "",
            "integration_subtype": "",
            "integration_type": "AWS_PROXY",
            "integration_uri": "arn:aws:apigateway:us-east-1:lambda:path/2015-03-31/functions/arn:aws:lambda:us-east-1:610175138509:function:budgetbot-hackathon-backend/invocations",
            "passthrough_behavior": "",
            "payload_format_version": "2.0",
            "request_parameters": {},
            "request_templates": {},
            "response_parameters": [],
            "template_selection_expression": "",
            "timeout_milliseconds": 30000,
            "tls_config": []
          },
          "sensitive_attributes": [],
          "private": "bnVsbA==",
          "dependencies": [
            "aws_apigatewayv2_api.http_api",
            "aws_cloudfront_distribution.api_cdn",
            "aws_cloudfront_origin_access_control.frontend_oac",
            "aws_dynamodb_table.transactions",
            "aws_dynamodb_table.users",
            "aws_iam_role.backend_lambda",
            "aws_lambda_function.backend",
            "aws_s3_bucket.frontend",
            "aws_s3_bucket.uploads",
            "aws_security_group.lambda",
            "aws_subnet.private_a",
            "aws_subnet.private_b",
            "aws_vpc.main",
            "data.aws_availability_zones.available",
            "data.aws_iam_policy_document.lambda_assume_role",
            "random_id.bucket_suffix"
          ]
        }
      ]
    },
    {
      "mode": "managed",
      "type": "aws_apigatewayv2_route",
      "name": "any",
      "provider": "provider[\"registry.terraform.io/hashicorp/aws\"]",
      "instances": [
        {
          "schema_version": 0,
          "attributes": {
            "api_id": "kp99iu8hrc",
            "api_key_required": false,
            "authorization_scopes": [],
            "authorization_type": "NONE",
            "authorizer_id": "",
            "id": "iqqik3o",
            "model_selection_expression": "",
            "operation_name": "",
            "request_models": {},
            "request_parameter": [],
            "route_key": "ANY /{proxy+}",
            "route_response_selection_expression": "",
            "target": "integrations/z517b0b"
          },
          "sensitive_attributes": [],
          "private": "bnVsbA==",
          "dependencies": [
            "aws_apigatewayv2_api.http_api",
            "aws_apigatewayv2_integration.lambda",
            "aws_cloudfront_distribution.api_cdn",
            "aws_cloudfront_origin_access_control.frontend_oac",
            "aws_dynamodb_table.transactions",
            "aws_dynamodb_table.users",
            "aws_iam_role.backend_lambda",
            "aws_lambda_function.backend",
            "aws_s3_bucket.frontend",
            "aws_s3_bucket.uploads",
            "aws_security_group.lambda",
            "aws_subnet.private_a",
            "aws_subnet.private_b",
            "aws_vpc.main",
            "data.aws_availability_zones.available",
            "data.aws_iam_policy_document.lambda_assume_role",
            "random_id.bucket_suffix"
          ]
        }
      ]
    },
    {
      "mode": "managed",
      "type": "aws_apigatewayv2_stage",
      "name": "default",
      "provider": "provider[\"registry.terraform.io/hashicorp/aws\"]",
      "instances": [
        {
          "schema_version": 0,
          "attributes": {
            "access_log_settings": [],
            "api_id": "kp99iu8hrc",
            "arn": "arn:aws:apigateway:us-east-1::/apis/kp99iu8hrc/stages/$default",
            "auto_deploy": true,
            "client_certificate_id": "",
            "default_route_settings": [
              {
                "data_trace_enabled": false,
                "detailed_metrics_enabled": false,
                "logging_level": "",
                "throttling_burst_limit": 20,
                "throttling_rate_limit": 10
              }
            ],
            "deployment_id": "94eibq",
            "description": "",
            "execution_arn": "arn:aws:execute-api:us-east-1:610175138509:kp99iu8hrc/$default",
            "id": "$default",
            "invoke_url": "https://kp99iu8hrc.execute-api.us-east-1.amazonaws.com/",
            "name": "$default",
            "route_settings": [],
            "stage_variables": {},
            "tags": {},
            "tags_all": {
              "CostCenter": "G13",
              "Environment": "hackathon",
              "ManagedBy": "Terraform",
              "Owner": "ptientr.dev@gmail.com",
              "Project": "W7Capstone",
              "Team": "G13"
            }
          },
          "sensitive_attributes": [],
          "private": "bnVsbA==",
          "dependencies": [
            "aws_apigatewayv2_api.http_api"
          ]
        }
      ]
    },
    {
      "mode": "managed",
      "type": "aws_backup_plan",
      "name": "daily",
      "provider": "provider[\"registry.terraform.io/hashicorp/aws\"]",
      "instances": [
        {
          "schema_version": 1,
          "attributes": {
            "advanced_backup_setting": [],
            "arn": "arn:aws:backup:us-east-1:610175138509:backup-plan:2f6373a2-1f67-456d-87f4-4dbfa79a4b22",
            "id": "2f6373a2-1f67-456d-87f4-4dbfa79a4b22",
            "name": "budgetbot-hackathon-daily-backup",
            "rule": [
              {
                "completion_window": 180,
                "copy_action": [],
                "enable_continuous_backup": false,
                "lifecycle": [
                  {
                    "cold_storage_after": 0,
                    "delete_after": 7,
                    "opt_in_to_archive_for_supported_resources": false
                  }
                ],
                "recovery_point_tags": {},
                "rule_name": "daily-backup-rule",
                "schedule": "cron(0 2 * * ? *)",
                "schedule_expression_timezone": "Etc/UTC",
                "start_window": 60,
                "target_vault_name": "budgetbot-hackathon-backup-vault"
              }
            ],
            "tags": {},
            "tags_all": {
              "CostCenter": "G13",
              "Environment": "hackathon",
              "ManagedBy": "Terraform",
              "Owner": "ptientr.dev@gmail.com",
              "Project": "W7Capstone",
              "Team": "G13"
            },
            "version": "Y2E0YmJjNDAtOGYwNy00YjFjLWIyZTQtZGZhYjk5MDgwMDFl"
          },
          "sensitive_attributes": [],
          "private": "eyJzY2hlbWFfdmVyc2lvbiI6IjEifQ==",
          "dependencies": [
            "aws_backup_vault.main",
            "aws_kms_key.s3_key"
          ]
        }
      ]
    },
    {
      "mode": "managed",
      "type": "aws_backup_selection",
      "name": "dynamodb_selection",
      "provider": "provider[\"registry.terraform.io/hashicorp/aws\"]",
      "instances": [
        {
          "schema_version": 0,
          "attributes": {
            "condition": [
              {
                "string_equals": [],
                "string_like": [],
                "string_not_equals": [],
                "string_not_like": []
              }
            ],
            "iam_role_arn": "arn:aws:iam::610175138509:role/budgetbot-hackathon-backup-role",
            "id": "7f4dfa3d-7933-4e28-a5ee-98d7b1a0faf7",
            "name": "budgetbot-hackathon-dynamodb-backup",
            "not_resources": [],
            "plan_id": "2f6373a2-1f67-456d-87f4-4dbfa79a4b22",
            "resources": [
              "arn:aws:dynamodb:us-east-1:610175138509:table/budgetbot-hackathon-transactions"
            ],
            "selection_tag": []
          },
          "sensitive_attributes": [],
          "private": "bnVsbA==",
          "dependencies": [
            "aws_backup_plan.daily",
            "aws_backup_vault.main",
            "aws_dynamodb_table.transactions",
            "aws_iam_role.backup_role",
            "aws_kms_key.s3_key"
          ]
        }
      ]
    },
    {
      "mode": "managed",
      "type": "aws_backup_vault",
      "name": "main",
      "provider": "provider[\"registry.terraform.io/hashicorp/aws\"]",
      "instances": [
        {
          "schema_version": 0,
          "attributes": {
            "arn": "arn:aws:backup:us-east-1:610175138509:backup-vault:budgetbot-hackathon-backup-vault",
            "force_destroy": false,
            "id": "budgetbot-hackathon-backup-vault",
            "kms_key_arn": "arn:aws:kms:us-east-1:610175138509:key/a5ef4d75-f3e0-432a-9bb9-5fa3ae83c971",
            "name": "budgetbot-hackathon-backup-vault",
            "recovery_points": 0,
            "tags": {},
            "tags_all": {
              "CostCenter": "G13",
              "Environment": "hackathon",
              "ManagedBy": "Terraform",
              "Owner": "ptientr.dev@gmail.com",
              "Project": "W7Capstone",
              "Team": "G13"
            },
            "timeouts": null
          },
          "sensitive_attributes": [],
          "private": "eyJlMmJmYjczMC1lY2FhLTExZTYtOGY4OC0zNDM2M2JjN2M0YzAiOnsiZGVsZXRlIjo2MDAwMDAwMDAwMDB9fQ==",
          "dependencies": [
            "aws_kms_key.s3_key"
          ]
        }
      ]
    },
    {
      "mode": "managed",
      "type": "aws_budgets_budget",
      "name": "budgetbot_budget",
      "provider": "provider[\"registry.terraform.io/hashicorp/aws\"]",
      "instances": [
        {
          "schema_version": 0,
          "attributes": {
            "account_id": "610175138509",
            "arn": "arn:aws:budgets::610175138509:budget/budgetbot-hackathon-monthly-100usd",
            "auto_adjust_data": [],
            "budget_type": "COST",
            "cost_filter": [],
            "cost_types": [
              {
                "include_credit": true,
                "include_discount": true,
                "include_other_subscription": true,
                "include_recurring": true,
                "include_refund": true,
                "include_subscription": true,
                "include_support": true,
                "include_tax": true,
                "include_upfront": true,
                "use_amortized": false,
                "use_blended": false
              }
            ],
            "id": "610175138509:budgetbot-hackathon-monthly-100usd",
            "limit_amount": "100.0",
            "limit_unit": "USD",
            "name": "budgetbot-hackathon-monthly-100usd",
            "name_prefix": "",
            "notification": [
              {
                "comparison_operator": "GREATER_THAN",
                "notification_type": "ACTUAL",
                "subscriber_email_addresses": [],
                "subscriber_sns_topic_arns": [
                  "arn:aws:sns:us-east-1:610175138509:budgetbot-hackathon-alerts"
                ],
                "threshold": 80,
                "threshold_type": "PERCENTAGE"
              }
            ],
            "planned_limit": [],
            "tags": {},
            "tags_all": {
              "CostCenter": "G13",
              "Environment": "hackathon",
              "ManagedBy": "Terraform",
              "Owner": "ptientr.dev@gmail.com",
              "Project": "W7Capstone",
              "Team": "G13"
            },
            "time_period_end": "2087-06-15_00:00",
            "time_period_start": "2026-05-01_00:00",
            "time_unit": "MONTHLY"
          },
          "sensitive_attributes": [],
          "private": "bnVsbA==",
          "dependencies": [
            "aws_sns_topic.alerts"
          ]
        }
      ]
    },
    {
      "mode": "managed",
      "type": "aws_cloudfront_distribution",
      "name": "api_cdn",
      "provider": "provider[\"registry.terraform.io/hashicorp/aws\"]",
      "instances": [
        {
          "schema_version": 1,
          "attributes": {
            "aliases": [],
            "arn": "arn:aws:cloudfront::610175138509:distribution/E2B3LR9JESIKDG",
            "caller_reference": "terraform-20260527095631217400000003",
            "comment": "BudgetBot CDN (S3 + API)",
            "continuous_deployment_policy_id": "",
            "custom_error_response": [
              {
                "error_caching_min_ttl": 10,
                "error_code": 403,
                "response_code": 200,
                "response_page_path": "/index.html"
              },
              {
                "error_caching_min_ttl": 10,
                "error_code": 404,
                "response_code": 200,
                "response_page_path": "/index.html"
              }
            ],
            "default_cache_behavior": [
              {
                "allowed_methods": [
                  "GET",
                  "HEAD"
                ],
                "cache_policy_id": "",
                "cached_methods": [
                  "GET",
                  "HEAD"
                ],
                "compress": false,
                "default_ttl": 3600,
                "field_level_encryption_id": "",
                "forwarded_values": [
                  {
                    "cookies": [
                      {
                        "forward": "none",
                        "whitelisted_names": []
                      }
                    ],
                    "headers": [],
                    "query_string": false,
                    "query_string_cache_keys": []
                  }
                ],
                "function_association": [],
                "grpc_config": [
                  {
                    "enabled": false
                  }
                ],
                "lambda_function_association": [],
                "max_ttl": 86400,
                "min_ttl": 0,
                "origin_request_policy_id": "",
                "realtime_log_config_arn": "",
                "response_headers_policy_id": "",
                "smooth_streaming": false,
                "target_origin_id": "S3FrontendOrigin",
                "trusted_key_groups": [],
                "trusted_signers": [],
                "viewer_protocol_policy": "redirect-to-https"
              }
            ],
            "default_root_object": "index.html",
            "domain_name": "d39sr1v8scwccx.cloudfront.net",
            "enabled": true,
            "etag": "E23ZP02F085DFQ",
            "hosted_zone_id": "Z2FDTNDATAQYW2",
            "http_version": "http2",
            "id": "E2B3LR9JESIKDG",
            "in_progress_validation_batches": 0,
            "is_ipv6_enabled": true,
            "last_modified_time": "2026-05-27 09:56:29.863 +0000 UTC",
            "logging_config": [],
            "ordered_cache_behavior": [],
            "origin": [
              {
                "connection_attempts": 3,
                "connection_timeout": 10,
                "custom_header": [],
                "custom_origin_config": [],
                "domain_name": "budgetbot-hackathon-frontend-873fca3d.s3.us-east-1.amazonaws.com",
                "origin_access_control_id": "EFRG6K83TI2YH",
                "origin_id": "S3FrontendOrigin",
                "origin_path": "",
                "origin_shield": [],
                "s3_origin_config": [],
                "vpc_origin_config": []
              }
            ],
            "origin_group": [],
            "price_class": "PriceClass_100",
            "restrictions": [
              {
                "geo_restriction": [
                  {
                    "locations": [],
                    "restriction_type": "none"
                  }
                ]
              }
            ],
            "retain_on_delete": false,
            "staging": false,
            "status": "Deployed",
            "tags": {},
            "tags_all": {
              "CostCenter": "G13",
              "Environment": "hackathon",
              "ManagedBy": "Terraform",
              "Owner": "ptientr.dev@gmail.com",
              "Project": "W7Capstone",
              "Team": "G13"
            },
            "trusted_key_groups": [
              {
                "enabled": false,
                "items": []
              }
            ],
            "trusted_signers": [
              {
                "enabled": false,
                "items": []
              }
            ],
            "viewer_certificate": [
              {
                "acm_certificate_arn": "",
                "cloudfront_default_certificate": true,
                "iam_certificate_id": "",
                "minimum_protocol_version": "TLSv1",
                "ssl_support_method": ""
              }
            ],
            "wait_for_deployment": true,
            "web_acl_id": ""
          },
          "sensitive_attributes": [],
          "private": "eyJzY2hlbWFfdmVyc2lvbiI6IjEifQ==",
          "dependencies": [
            "aws_cloudfront_origin_access_control.frontend_oac",
            "aws_s3_bucket.frontend",
            "random_id.bucket_suffix"
          ]
        }
      ]
    },
    {
      "mode": "managed",
      "type": "aws_cloudfront_origin_access_control",
      "name": "frontend_oac",
      "provider": "provider[\"registry.terraform.io/hashicorp/aws\"]",
      "instances": [
        {
          "schema_version": 0,
          "attributes": {
            "arn": "arn:aws:cloudfront::610175138509:origin-access-control/EFRG6K83TI2YH",
            "description": "OAC for Frontend S3 Bucket",
            "etag": "ETVPDKIKX0DER",
            "id": "EFRG6K83TI2YH",
            "name": "budgetbot-hackathon-oac",
            "origin_access_control_origin_type": "s3",
            "signing_behavior": "always",
            "signing_protocol": "sigv4"
          },
          "sensitive_attributes": [],
          "private": "bnVsbA=="
        }
      ]
    },
    {
      "mode": "managed",
      "type": "aws_cloudwatch_event_rule",
      "name": "daily_cost_check",
      "provider": "provider[\"registry.terraform.io/hashicorp/aws\"]",
      "instances": [
        {
          "schema_version": 1,
          "attributes": {
            "arn": "arn:aws:events:us-east-1:610175138509:rule/budgetbot-daily-cost-check",
            "description": "",
            "event_bus_name": "default",
            "event_pattern": null,
            "force_destroy": false,
            "id": "budgetbot-daily-cost-check",
            "is_enabled": true,
            "name": "budgetbot-daily-cost-check",
            "name_prefix": "",
            "role_arn": "",
            "schedule_expression": "rate(1 day)",
            "state": "ENABLED",
            "tags": {},
            "tags_all": {
              "CostCenter": "G13",
              "Environment": "hackathon",
              "ManagedBy": "Terraform",
              "Owner": "ptientr.dev@gmail.com",
              "Project": "W7Capstone",
              "Team": "G13"
            }
          },
          "sensitive_attributes": [],
          "private": "eyJzY2hlbWFfdmVyc2lvbiI6IjEifQ=="
        }
      ]
    },
    {
      "mode": "managed",
      "type": "aws_cloudwatch_event_rule",
      "name": "s3_pab_change",
      "provider": "provider[\"registry.terraform.io/hashicorp/aws\"]",
      "instances": [
        {
          "schema_version": 1,
          "attributes": {
            "arn": "arn:aws:events:us-east-1:610175138509:rule/budgetbot-hackathon-s3-pab-change",
            "description": "Triggers when S3 Public Access Block is modified",
            "event_bus_name": "default",
            "event_pattern": "{\"detail\":{\"eventName\":[\"DeleteBucketPublicAccessBlock\",\"PutBucketPublicAccessBlock\"],\"eventSource\":[\"s3.amazonaws.com\"],\"requestParameters\":{\"bucketName\":[\"budgetbot-hackathon-uploads-873fca3d\"]}},\"detail-type\":[\"AWS API Call via CloudTrail\"],\"source\":[\"aws.s3\"]}",
            "force_destroy": false,
            "id": "budgetbot-hackathon-s3-pab-change",
            "is_enabled": true,
            "name": "budgetbot-hackathon-s3-pab-change",
            "name_prefix": "",
            "role_arn": "",
            "schedule_expression": "",
            "state": "ENABLED",
            "tags": {},
            "tags_all": {
              "CostCenter": "G13",
              "Environment": "hackathon",
              "ManagedBy": "Terraform",
              "Owner": "ptientr.dev@gmail.com",
              "Project": "W7Capstone",
              "Team": "G13"
            }
          },
          "sensitive_attributes": [],
          "private": "eyJzY2hlbWFfdmVyc2lvbiI6IjEifQ==",
          "dependencies": [
            "aws_s3_bucket.uploads",
            "random_id.bucket_suffix"
          ]
        }
      ]
    },
    {
      "mode": "managed",
      "type": "aws_cloudwatch_event_target",
      "name": "cost_guard_target",
      "provider": "provider[\"registry.terraform.io/hashicorp/aws\"]",
      "instances": [
        {
          "schema_version": 1,
          "attributes": {
            "appsync_target": [],
            "arn": "arn:aws:lambda:us-east-1:610175138509:function:budgetbot-hackathon-cost-guard",
            "batch_target": [],
            "dead_letter_config": [],
            "ecs_target": [],
            "event_bus_name": "default",
            "force_destroy": false,
            "http_target": [],
            "id": "budgetbot-daily-cost-check-CostGuard",
            "input": "",
            "input_path": "",
            "input_transformer": [],
            "kinesis_target": [],
            "redshift_target": [],
            "retry_policy": [],
            "role_arn": "",
            "rule": "budgetbot-daily-cost-check",
            "run_command_targets": [],
            "sagemaker_pipeline_target": [],
            "sqs_target": [],
            "target_id": "CostGuard"
          },
          "sensitive_attributes": [],
          "private": "eyJzY2hlbWFfdmVyc2lvbiI6IjEifQ==",
          "dependencies": [
            "aws_cloudwatch_event_rule.daily_cost_check",
            "aws_iam_role.backend_lambda",
            "aws_lambda_function.cost_guard",
            "data.archive_file.dummy_lambda",
            "data.aws_iam_policy_document.lambda_assume_role"
          ]
        }
      ]
    },
    {
      "mode": "managed",
      "type": "aws_cloudwatch_event_target",
      "name": "trigger_remediation",
      "provider": "provider[\"registry.terraform.io/hashicorp/aws\"]",
      "instances": [
        {
          "schema_version": 1,
          "attributes": {
            "appsync_target": [],
            "arn": "arn:aws:lambda:us-east-1:610175138509:function:budgetbot-hackathon-s3-remediation",
            "batch_target": [],
            "dead_letter_config": [],
            "ecs_target": [],
            "event_bus_name": "default",
            "force_destroy": false,
            "http_target": [],
            "id": "budgetbot-hackathon-s3-pab-change-TriggerS3Remediation",
            "input": "",
            "input_path": "",
            "input_transformer": [],
            "kinesis_target": [],
            "redshift_target": [],
            "retry_policy": [],
            "role_arn": "",
            "rule": "budgetbot-hackathon-s3-pab-change",
            "run_command_targets": [],
            "sagemaker_pipeline_target": [],
            "sqs_target": [],
            "target_id": "TriggerS3Remediation"
          },
          "sensitive_attributes": [],
          "private": "eyJzY2hlbWFfdmVyc2lvbiI6IjEifQ==",
          "dependencies": [
            "aws_cloudwatch_event_rule.s3_pab_change",
            "aws_iam_role.s3_remediation_role",
            "aws_lambda_function.s3_remediation",
            "aws_s3_bucket.uploads",
            "data.archive_file.dummy_lambda",
            "random_id.bucket_suffix"
          ]
        }
      ]
    },
    {
      "mode": "managed",
      "type": "aws_cloudwatch_log_group",
      "name": "api_logs",
      "provider": "provider[\"registry.terraform.io/hashicorp/aws\"]",
      "instances": [
        {
          "schema_version": 0,
          "attributes": {
            "arn": "arn:aws:logs:us-east-1:610175138509:log-group:/aws/apigateway/budgetbot-hackathon-api",
            "id": "/aws/apigateway/budgetbot-hackathon-api",
            "kms_key_id": "",
            "log_group_class": "STANDARD",
            "name": "/aws/apigateway/budgetbot-hackathon-api",
            "name_prefix": "",
            "retention_in_days": 14,
            "skip_destroy": false,
            "tags": {},
            "tags_all": {
              "CostCenter": "G13",
              "Environment": "hackathon",
              "ManagedBy": "Terraform",
              "Owner": "ptientr.dev@gmail.com",
              "Project": "W7Capstone",
              "Team": "G13"
            }
          },
          "sensitive_attributes": [],
          "private": "bnVsbA==",
          "dependencies": [
            "aws_apigatewayv2_api.http_api"
          ]
        }
      ]
    },
    {
      "mode": "managed",
      "type": "aws_cloudwatch_log_group",
      "name": "lambda_logs",
      "provider": "provider[\"registry.terraform.io/hashicorp/aws\"]",
      "instances": [
        {
          "schema_version": 0,
          "attributes": {
            "arn": "arn:aws:logs:us-east-1:610175138509:log-group:/aws/lambda/budgetbot-hackathon-backend",
            "id": "/aws/lambda/budgetbot-hackathon-backend",
            "kms_key_id": "",
            "log_group_class": "STANDARD",
            "name": "/aws/lambda/budgetbot-hackathon-backend",
            "name_prefix": "",
            "retention_in_days": 14,
            "skip_destroy": false,
            "tags": {},
            "tags_all": {
              "CostCenter": "G13",
              "Environment": "hackathon",
              "ManagedBy": "Terraform",
              "Owner": "ptientr.dev@gmail.com",
              "Project": "W7Capstone",
              "Team": "G13"
            }
          },
          "sensitive_attributes": [],
          "private": "bnVsbA==",
          "dependencies": [
            "aws_cloudfront_distribution.api_cdn",
            "aws_cloudfront_origin_access_control.frontend_oac",
            "aws_dynamodb_table.transactions",
            "aws_dynamodb_table.users",
            "aws_iam_role.backend_lambda",
            "aws_lambda_function.backend",
            "aws_s3_bucket.frontend",
            "aws_s3_bucket.uploads",
            "aws_security_group.lambda",
            "aws_subnet.private_a",
            "aws_subnet.private_b",
            "aws_vpc.main",
            "data.aws_availability_zones.available",
            "data.aws_iam_policy_document.lambda_assume_role",
            "random_id.bucket_suffix"
          ]
        }
      ]
    },
    {
      "mode": "managed",
      "type": "aws_cloudwatch_metric_alarm",
      "name": "lambda_errors",
      "provider": "provider[\"registry.terraform.io/hashicorp/aws\"]",
      "instances": [
        {
          "schema_version": 1,
          "attributes": {
            "actions_enabled": true,
            "alarm_actions": [
              "arn:aws:sns:us-east-1:610175138509:budgetbot-hackathon-alerts"
            ],
            "alarm_description": "Alarm if Lambda errors occur",
            "alarm_name": "budgetbot-hackathon-lambda-errors",
            "arn": "arn:aws:cloudwatch:us-east-1:610175138509:alarm:budgetbot-hackathon-lambda-errors",
            "comparison_operator": "GreaterThanThreshold",
            "datapoints_to_alarm": 0,
            "dimensions": {
              "FunctionName": "budgetbot-hackathon-backend"
            },
            "evaluate_low_sample_count_percentiles": "",
            "evaluation_periods": 1,
            "extended_statistic": "",
            "id": "budgetbot-hackathon-lambda-errors",
            "insufficient_data_actions": [],
            "metric_name": "Errors",
            "metric_query": [],
            "namespace": "AWS/Lambda",
            "ok_actions": [],
            "period": 60,
            "statistic": "Sum",
            "tags": {},
            "tags_all": {
              "CostCenter": "G13",
              "Environment": "hackathon",
              "ManagedBy": "Terraform",
              "Owner": "ptientr.dev@gmail.com",
              "Project": "W7Capstone",
              "Team": "G13"
            },
            "threshold": 0,
            "threshold_metric_id": "",
            "treat_missing_data": "missing",
            "unit": ""
          },
          "sensitive_attributes": [],
          "private": "eyJzY2hlbWFfdmVyc2lvbiI6IjEifQ==",
          "dependencies": [
            "aws_cloudfront_distribution.api_cdn",
            "aws_cloudfront_origin_access_control.frontend_oac",
            "aws_dynamodb_table.transactions",
            "aws_dynamodb_table.users",
            "aws_iam_role.backend_lambda",
            "aws_lambda_function.backend",
            "aws_s3_bucket.frontend",
            "aws_s3_bucket.uploads",
            "aws_security_group.lambda",
            "aws_sns_topic.alerts",
            "aws_subnet.private_a",
            "aws_subnet.private_b",
            "aws_vpc.main",
            "data.aws_availability_zones.available",
            "data.aws_iam_policy_document.lambda_assume_role",
            "random_id.bucket_suffix"
          ]
        }
      ]
    },
    {
      "mode": "managed",
      "type": "aws_dynamodb_table",
      "name": "transactions",
      "provider": "provider[\"registry.terraform.io/hashicorp/aws\"]",
      "instances": [
        {
          "schema_version": 1,
          "attributes": {
            "arn": "arn:aws:dynamodb:us-east-1:610175138509:table/budgetbot-hackathon-transactions",
            "attribute": [
              {
                "name": "PK",
                "type": "S"
              },
              {
                "name": "SK",
                "type": "S"
              }
            ],
            "billing_mode": "PAY_PER_REQUEST",
            "deletion_protection_enabled": false,
            "global_secondary_index": [],
            "hash_key": "PK",
            "id": "budgetbot-hackathon-transactions",
            "import_table": [],
            "local_secondary_index": [],
            "name": "budgetbot-hackathon-transactions",
            "on_demand_throughput": [],
            "point_in_time_recovery": [
              {
                "enabled": true,
                "recovery_period_in_days": 35
              }
            ],
            "range_key": "SK",
            "read_capacity": 0,
            "replica": [],
            "restore_date_time": null,
            "restore_source_name": null,
            "restore_source_table_arn": null,
            "restore_to_latest_time": null,
            "server_side_encryption": [
              {
                "enabled": true,
                "kms_key_arn": ""
              }
            ],
            "stream_arn": "",
            "stream_enabled": false,
            "stream_label": "",
            "stream_view_type": "",
            "table_class": "STANDARD",
            "tags": {
              "Name": "budgetbot-transactions"
            },
            "tags_all": {
              "CostCenter": "G13",
              "Environment": "hackathon",
              "ManagedBy": "Terraform",
              "Name": "budgetbot-transactions",
              "Owner": "ptientr.dev@gmail.com",
              "Project": "W7Capstone",
              "Team": "G13"
            },
            "timeouts": null,
            "ttl": [
              {
                "attribute_name": "",
                "enabled": false
              }
            ],
            "write_capacity": 0
          },
          "sensitive_attributes": [],
          "private": "eyJlMmJmYjczMC1lY2FhLTExZTYtOGY4OC0zNDM2M2JjN2M0YzAiOnsiY3JlYXRlIjoxODAwMDAwMDAwMDAwLCJkZWxldGUiOjYwMDAwMDAwMDAwMCwidXBkYXRlIjozNjAwMDAwMDAwMDAwfSwic2NoZW1hX3ZlcnNpb24iOiIxIn0="
        }
      ]
    },
    {
      "mode": "managed",
      "type": "aws_dynamodb_table",
      "name": "users",
      "provider": "provider[\"registry.terraform.io/hashicorp/aws\"]",
      "instances": [
        {
          "schema_version": 1,
          "attributes": {
            "arn": "arn:aws:dynamodb:us-east-1:610175138509:table/budgetbot-hackathon-users",
            "attribute": [
              {
                "name": "PK",
                "type": "S"
              },
              {
                "name": "username",
                "type": "S"
              }
            ],
            "billing_mode": "PAY_PER_REQUEST",
            "deletion_protection_enabled": false,
            "global_secondary_index": [
              {
                "hash_key": "username",
                "name": "username-index",
                "non_key_attributes": [],
                "on_demand_throughput": [],
                "projection_type": "ALL",
                "range_key": "",
                "read_capacity": 0,
                "write_capacity": 0
              }
            ],
            "hash_key": "PK",
            "id": "budgetbot-hackathon-users",
            "import_table": [],
            "local_secondary_index": [],
            "name": "budgetbot-hackathon-users",
            "on_demand_throughput": [],
            "point_in_time_recovery": [
              {
                "enabled": true,
                "recovery_period_in_days": 35
              }
            ],
            "range_key": null,
            "read_capacity": 0,
            "replica": [],
            "restore_date_time": null,
            "restore_source_name": null,
            "restore_source_table_arn": null,
            "restore_to_latest_time": null,
            "server_side_encryption": [
              {
                "enabled": true,
                "kms_key_arn": ""
              }
            ],
            "stream_arn": "",
            "stream_enabled": false,
            "stream_label": "",
            "stream_view_type": "",
            "table_class": "STANDARD",
            "tags": {
              "Name": "budgetbot-users"
            },
            "tags_all": {
              "CostCenter": "G13",
              "Environment": "hackathon",
              "ManagedBy": "Terraform",
              "Name": "budgetbot-users",
              "Owner": "ptientr.dev@gmail.com",
              "Project": "W7Capstone",
              "Team": "G13"
            },
            "timeouts": null,
            "ttl": [
              {
                "attribute_name": "",
                "enabled": false
              }
            ],
            "write_capacity": 0
          },
          "sensitive_attributes": [],
          "private": "eyJlMmJmYjczMC1lY2FhLTExZTYtOGY4OC0zNDM2M2JjN2M0YzAiOnsiY3JlYXRlIjoxODAwMDAwMDAwMDAwLCJkZWxldGUiOjYwMDAwMDAwMDAwMCwidXBkYXRlIjozNjAwMDAwMDAwMDAwfSwic2NoZW1hX3ZlcnNpb24iOiIxIn0="
        }
      ]
    },
    {
      "mode": "managed",
      "type": "aws_iam_policy",
      "name": "backend_policy",
      "provider": "provider[\"registry.terraform.io/hashicorp/aws\"]",
      "instances": [
        {
          "schema_version": 0,
          "attributes": {
            "arn": "arn:aws:iam::610175138509:policy/budgetbot-hackathon-backend-policy",
            "attachment_count": 1,
            "description": "",
            "id": "arn:aws:iam::610175138509:policy/budgetbot-hackathon-backend-policy",
            "name": "budgetbot-hackathon-backend-policy",
            "name_prefix": "",
            "path": "/",
            "policy": "{\"Statement\":[{\"Action\":[\"dynamodb:UpdateItem\",\"dynamodb:Scan\",\"dynamodb:Query\",\"dynamodb:PutItem\",\"dynamodb:GetItem\",\"dynamodb:DeleteItem\"],\"Effect\":\"Allow\",\"Resource\":[\"arn:aws:dynamodb:us-east-1:610175138509:table/budgetbot-hackathon-users/index/*\",\"arn:aws:dynamodb:us-east-1:610175138509:table/budgetbot-hackathon-users\",\"arn:aws:dynamodb:us-east-1:610175138509:table/budgetbot-hackathon-transactions/index/*\",\"arn:aws:dynamodb:us-east-1:610175138509:table/budgetbot-hackathon-transactions\"]},{\"Action\":[\"s3:PutObject\",\"s3:GetObject\"],\"Effect\":\"Allow\",\"Resource\":\"arn:aws:s3:::budgetbot-hackathon-uploads-873fca3d/*\"},{\"Action\":[\"kms:GenerateDataKey\",\"kms:Decrypt\"],\"Effect\":\"Allow\",\"Resource\":\"arn:aws:kms:us-east-1:610175138509:key/a5ef4d75-f3e0-432a-9bb9-5fa3ae83c971\"},{\"Action\":[\"textract:DetectDocumentText\",\"bedrock:InvokeModel\"],\"Effect\":\"Allow\",\"Resource\":\"*\"}],\"Version\":\"2012-10-17\"}",
            "policy_id": "ANPAY4EKFXLGUBU5RPR3N",
            "tags": {},
            "tags_all": {
              "CostCenter": "G13",
              "Environment": "hackathon",
              "ManagedBy": "Terraform",
              "Owner": "ptientr.dev@gmail.com",
              "Project": "W7Capstone",
              "Team": "G13"
            }
          },
          "sensitive_attributes": [],
          "private": "bnVsbA==",
          "dependencies": [
            "aws_dynamodb_table.transactions",
            "aws_dynamodb_table.users",
            "aws_kms_key.s3_key",
            "aws_s3_bucket.uploads",
            "data.aws_iam_policy_document.backend_permissions",
            "random_id.bucket_suffix"
          ]
        }
      ]
    },
    {
      "mode": "managed",
      "type": "aws_iam_role",
      "name": "backend_lambda",
      "provider": "provider[\"registry.terraform.io/hashicorp/aws\"]",
      "instances": [
        {
          "schema_version": 0,
          "attributes": {
            "arn": "arn:aws:iam::610175138509:role/budgetbot-hackathon-backend-role",
            "assume_role_policy": "{\"Statement\":[{\"Action\":\"sts:AssumeRole\",\"Effect\":\"Allow\",\"Principal\":{\"Service\":\"lambda.amazonaws.com\"}}],\"Version\":\"2012-10-17\"}",
            "create_date": "2026-05-27T09:56:19Z",
            "description": "",
            "force_detach_policies": false,
            "id": "budgetbot-hackathon-backend-role",
            "inline_policy": [],
            "managed_policy_arns": [
              "arn:aws:iam::610175138509:policy/budgetbot-hackathon-backend-policy",
              "arn:aws:iam::aws:policy/service-role/AWSLambdaVPCAccessExecutionRole"
            ],
            "max_session_duration": 3600,
            "name": "budgetbot-hackathon-backend-role",
            "name_prefix": "",
            "path": "/",
            "permissions_boundary": "",
            "tags": {},
            "tags_all": {
              "CostCenter": "G13",
              "Environment": "hackathon",
              "ManagedBy": "Terraform",
              "Owner": "ptientr.dev@gmail.com",
              "Project": "W7Capstone",
              "Team": "G13"
            },
            "unique_id": "AROAY4EKFXLGZQBZTGIZA"
          },
          "sensitive_attributes": [],
          "private": "bnVsbA==",
          "dependencies": [
            "data.aws_iam_policy_document.lambda_assume_role"
          ]
        }
      ]
    },
    {
      "mode": "managed",
      "type": "aws_iam_role",
      "name": "backup_role",
      "provider": "provider[\"registry.terraform.io/hashicorp/aws\"]",
      "instances": [
        {
          "schema_version": 0,
          "attributes": {
            "arn": "arn:aws:iam::610175138509:role/budgetbot-hackathon-backup-role",
            "assume_role_policy": "{\"Statement\":[{\"Action\":\"sts:AssumeRole\",\"Effect\":\"Allow\",\"Principal\":{\"Service\":\"backup.amazonaws.com\"}}],\"Version\":\"2012-10-17\"}",
            "create_date": "2026-05-27T09:56:19Z",
            "description": "",
            "force_detach_policies": false,
            "id": "budgetbot-hackathon-backup-role",
            "inline_policy": [],
            "managed_policy_arns": [
              "arn:aws:iam::aws:policy/service-role/AWSBackupServiceRolePolicyForBackup"
            ],
            "max_session_duration": 3600,
            "name": "budgetbot-hackathon-backup-role",
            "name_prefix": "",
            "path": "/",
            "permissions_boundary": "",
            "tags": {},
            "tags_all": {
              "CostCenter": "G13",
              "Environment": "hackathon",
              "ManagedBy": "Terraform",
              "Owner": "ptientr.dev@gmail.com",
              "Project": "W7Capstone",
              "Team": "G13"
            },
            "unique_id": "AROAY4EKFXLG2GNKBSH6H"
          },
          "sensitive_attributes": [],
          "private": "bnVsbA=="
        }
      ]
    },
    {
      "mode": "managed",
      "type": "aws_iam_role",
      "name": "s3_remediation_role",
      "provider": "provider[\"registry.terraform.io/hashicorp/aws\"]",
      "instances": [
        {
          "schema_version": 0,
          "attributes": {
            "arn": "arn:aws:iam::610175138509:role/budgetbot-hackathon-s3-remediation-role",
            "assume_role_policy": "{\"Statement\":[{\"Action\":\"sts:AssumeRole\",\"Effect\":\"Allow\",\"Principal\":{\"Service\":\"lambda.amazonaws.com\"}}],\"Version\":\"2012-10-17\"}",
            "create_date": "2026-05-27T09:56:20Z",
            "description": "",
            "force_detach_policies": false,
            "id": "budgetbot-hackathon-s3-remediation-role",
            "inline_policy": [
              {
                "name": "budgetbot-hackathon-s3-remediation-policy",
                "policy": "{\"Version\":\"2012-10-17\",\"Statement\":[{\"Action\":[\"s3:PutBucketPublicAccessBlock\",\"s3:GetBucketPublicAccessBlock\"],\"Effect\":\"Allow\",\"Resource\":\"arn:aws:s3:::budgetbot-hackathon-uploads-873fca3d\"},{\"Action\":[\"logs:CreateLogGroup\",\"logs:CreateLogStream\",\"logs:PutLogEvents\"],\"Effect\":\"Allow\",\"Resource\":\"arn:aws:logs:*:*:*\"}]}"
              }
            ],
            "managed_policy_arns": [],
            "max_session_duration": 3600,
            "name": "budgetbot-hackathon-s3-remediation-role",
            "name_prefix": "",
            "path": "/",
            "permissions_boundary": "",
            "tags": {},
            "tags_all": {
              "CostCenter": "G13",
              "Environment": "hackathon",
              "ManagedBy": "Terraform",
              "Owner": "ptientr.dev@gmail.com",
              "Project": "W7Capstone",
              "Team": "G13"
            },
            "unique_id": "AROAY4EKFXLG3QYPWTN4X"
          },
          "sensitive_attributes": [],
          "private": "bnVsbA=="
        }
      ]
    },
    {
      "mode": "managed",
      "type": "aws_iam_role_policy",
      "name": "s3_remediation_policy",
      "provider": "provider[\"registry.terraform.io/hashicorp/aws\"]",
      "instances": [
        {
          "schema_version": 0,
          "attributes": {
            "id": "budgetbot-hackathon-s3-remediation-role:budgetbot-hackathon-s3-remediation-policy",
            "name": "budgetbot-hackathon-s3-remediation-policy",
            "name_prefix": "",
            "policy": "{\"Version\":\"2012-10-17\",\"Statement\":[{\"Action\":[\"s3:PutBucketPublicAccessBlock\",\"s3:GetBucketPublicAccessBlock\"],\"Effect\":\"Allow\",\"Resource\":\"arn:aws:s3:::budgetbot-hackathon-uploads-873fca3d\"},{\"Action\":[\"logs:CreateLogGroup\",\"logs:CreateLogStream\",\"logs:PutLogEvents\"],\"Effect\":\"Allow\",\"Resource\":\"arn:aws:logs:*:*:*\"}]}",
            "role": "budgetbot-hackathon-s3-remediation-role"
          },
          "sensitive_attributes": [],
          "private": "bnVsbA==",
          "dependencies": [
            "aws_iam_role.s3_remediation_role",
            "aws_s3_bucket.uploads",
            "random_id.bucket_suffix"
          ]
        }
      ]
    },
    {
      "mode": "managed",
      "type": "aws_iam_role_policy_attachment",
      "name": "backend_custom_policy_attach",
      "provider": "provider[\"registry.terraform.io/hashicorp/aws\"]",
      "instances": [
        {
          "schema_version": 0,
          "attributes": {
            "id": "budgetbot-hackathon-backend-role-20260527095656706500000004",
            "policy_arn": "arn:aws:iam::610175138509:policy/budgetbot-hackathon-backend-policy",
            "role": "budgetbot-hackathon-backend-role"
          },
          "sensitive_attributes": [],
          "private": "bnVsbA==",
          "dependencies": [
            "aws_dynamodb_table.transactions",
            "aws_dynamodb_table.users",
            "aws_iam_policy.backend_policy",
            "aws_iam_role.backend_lambda",
            "aws_kms_key.s3_key",
            "aws_s3_bucket.uploads",
            "data.aws_iam_policy_document.backend_permissions",
            "data.aws_iam_policy_document.lambda_assume_role",
            "random_id.bucket_suffix"
          ]
        }
      ]
    },
    {
      "mode": "managed",
      "type": "aws_iam_role_policy_attachment",
      "name": "backup_role_policy",
      "provider": "provider[\"registry.terraform.io/hashicorp/aws\"]",
      "instances": [
        {
          "schema_version": 0,
          "attributes": {
            "id": "budgetbot-hackathon-backup-role-20260527095629070600000002",
            "policy_arn": "arn:aws:iam::aws:policy/service-role/AWSBackupServiceRolePolicyForBackup",
            "role": "budgetbot-hackathon-backup-role"
          },
          "sensitive_attributes": [],
          "private": "bnVsbA==",
          "dependencies": [
            "aws_iam_role.backup_role"
          ]
        }
      ]
    },
    {
      "mode": "managed",
      "type": "aws_iam_role_policy_attachment",
      "name": "lambda_basic_execution",
      "provider": "provider[\"registry.terraform.io/hashicorp/aws\"]",
      "instances": [
        {
          "schema_version": 0,
          "attributes": {
            "id": "budgetbot-hackathon-backend-role-20260527115056744400000001",
            "policy_arn": "arn:aws:iam::aws:policy/service-role/AWSLambdaVPCAccessExecutionRole",
            "role": "budgetbot-hackathon-backend-role"
          },
          "sensitive_attributes": [],
          "private": "bnVsbA==",
          "dependencies": [
            "aws_iam_role.backend_lambda",
            "data.aws_iam_policy_document.lambda_assume_role"
          ]
        }
      ]
    },
    {
      "mode": "managed",
      "type": "aws_kms_alias",
      "name": "s3_key_alias",
      "provider": "provider[\"registry.terraform.io/hashicorp/aws\"]",
      "instances": [
        {
          "schema_version": 0,
          "attributes": {
            "arn": "arn:aws:kms:us-east-1:610175138509:alias/budgetbot-hackathon-s3-key",
            "id": "alias/budgetbot-hackathon-s3-key",
            "name": "alias/budgetbot-hackathon-s3-key",
            "name_prefix": "",
            "target_key_arn": "arn:aws:kms:us-east-1:610175138509:key/a5ef4d75-f3e0-432a-9bb9-5fa3ae83c971",
            "target_key_id": "a5ef4d75-f3e0-432a-9bb9-5fa3ae83c971"
          },
          "sensitive_attributes": [],
          "private": "bnVsbA==",
          "dependencies": [
            "aws_kms_key.s3_key"
          ]
        }
      ]
    },
    {
      "mode": "managed",
      "type": "aws_kms_key",
      "name": "s3_key",
      "provider": "provider[\"registry.terraform.io/hashicorp/aws\"]",
      "instances": [
        {
          "schema_version": 0,
          "attributes": {
            "arn": "arn:aws:kms:us-east-1:610175138509:key/a5ef4d75-f3e0-432a-9bb9-5fa3ae83c971",
            "bypass_policy_lockout_safety_check": false,
            "custom_key_store_id": "",
            "customer_master_key_spec": "SYMMETRIC_DEFAULT",
            "deletion_window_in_days": 7,
            "description": "KMS key for S3 bucket encryption",
            "enable_key_rotation": true,
            "id": "a5ef4d75-f3e0-432a-9bb9-5fa3ae83c971",
            "is_enabled": true,
            "key_id": "a5ef4d75-f3e0-432a-9bb9-5fa3ae83c971",
            "key_usage": "ENCRYPT_DECRYPT",
            "multi_region": false,
            "policy": "{\"Id\":\"key-default-1\",\"Statement\":[{\"Action\":\"kms:*\",\"Effect\":\"Allow\",\"Principal\":{\"AWS\":\"arn:aws:iam::610175138509:root\"},\"Resource\":\"*\",\"Sid\":\"Enable IAM User Permissions\"}],\"Version\":\"2012-10-17\"}",
            "rotation_period_in_days": 365,
            "tags": {},
            "tags_all": {
              "CostCenter": "G13",
              "Environment": "hackathon",
              "ManagedBy": "Terraform",
              "Owner": "ptientr.dev@gmail.com",
              "Project": "W7Capstone",
              "Team": "G13"
            },
            "timeouts": null,
            "xks_key_id": ""
          },
          "sensitive_attributes": [],
          "private": "eyJlMmJmYjczMC1lY2FhLTExZTYtOGY4OC0zNDM2M2JjN2M0YzAiOnsiY3JlYXRlIjoxMjAwMDAwMDAwMDB9fQ=="
        }
      ]
    },
    {
      "mode": "managed",
      "type": "aws_lambda_function",
      "name": "backend",
      "provider": "provider[\"registry.terraform.io/hashicorp/aws\"]",
      "instances": [
        {
          "schema_version": 0,
          "attributes": {
            "architectures": [
              "arm64"
            ],
            "arn": "arn:aws:lambda:us-east-1:610175138509:function:budgetbot-hackathon-backend",
            "code_sha256": "lxz5IRarDuVlA8ppQQLrTvFSj+U2V/KPOyPeWK/fKuc=",
            "code_signing_config_arn": "",
            "dead_letter_config": [],
            "description": "",
            "environment": [
              {
                "variables": {
                  "AI_BACKEND": "bedrock",
                  "AI_MODEL_ID": "us.anthropic.claude-haiku-4-5-20251001-v1:0",
                  "CORS_ORIGINS": "https://d39sr1v8scwccx.cloudfront.net,http://localhost:5173",
                  "JWT_EXP_MINUTES": "60",
                  "JWT_SECRET": "budgetbot-jwt-secret-2026",
                  "STORAGE_BACKEND": "s3",
                  "STORAGE_BUCKET": "budgetbot-hackathon-uploads-873fca3d",
                  "USERSTORE_BACKEND": "dynamodb",
                  "USERSTORE_TABLE": "budgetbot-hackathon-transactions",
                  "USERS_TABLE": "budgetbot-hackathon-users"
                }
              }
            ],
            "ephemeral_storage": [
              {
                "size": 512
              }
            ],
            "file_system_config": [],
            "filename": "D:/Workspace/Study/AWS/xbrain-learners/W7_budgetbot/package.zip",
            "function_name": "budgetbot-hackathon-backend",
            "handler": "src.app.handler",
            "id": "budgetbot-hackathon-backend",
            "image_config": [],
            "image_uri": "",
            "invoke_arn": "arn:aws:apigateway:us-east-1:lambda:path/2015-03-31/functions/arn:aws:lambda:us-east-1:610175138509:function:budgetbot-hackathon-backend/invocations",
            "kms_key_arn": "",
            "last_modified": "2026-05-27T13:38:42.000+0000",
            "layers": [],
            "logging_config": [
              {
                "application_log_level": "",
                "log_format": "Text",
                "log_group": "/aws/lambda/budgetbot-hackathon-backend",
                "system_log_level": ""
              }
            ],
            "memory_size": 512,
            "package_type": "Zip",
            "publish": false,
            "qualified_arn": "arn:aws:lambda:us-east-1:610175138509:function:budgetbot-hackathon-backend:11",
            "qualified_invoke_arn": "arn:aws:apigateway:us-east-1:lambda:path/2015-03-31/functions/arn:aws:lambda:us-east-1:610175138509:function:budgetbot-hackathon-backend:11/invocations",
            "replace_security_groups_on_destroy": null,
            "replacement_security_group_ids": null,
            "reserved_concurrent_executions": -1,
            "role": "arn:aws:iam::610175138509:role/budgetbot-hackathon-backend-role",
            "runtime": "python3.11",
            "s3_bucket": null,
            "s3_key": null,
            "s3_object_version": null,
            "signing_job_arn": "",
            "signing_profile_version_arn": "",
            "skip_destroy": false,
            "snap_start": [],
            "source_code_hash": "lxz5IRarDuVlA8ppQQLrTvFSj+U2V/KPOyPeWK/fKuc=",
            "source_code_size": 45177089,
            "tags": {},
            "tags_all": {
              "CostCenter": "G13",
              "Environment": "hackathon",
              "ManagedBy": "Terraform",
              "Owner": "ptientr.dev@gmail.com",
              "Project": "W7Capstone",
              "Team": "G13"
            },
            "timeout": 30,
            "timeouts": null,
            "tracing_config": [
              {
                "mode": "PassThrough"
              }
            ],
            "version": "11",
            "vpc_config": [
              {
                "ipv6_allowed_for_dual_stack": false,
                "security_group_ids": [
                  "sg-024514607ef0c62bf"
                ],
                "subnet_ids": [
                  "subnet-01c584fc5eab97381",
                  "subnet-02de200dac70d62cf"
                ],
                "vpc_id": "vpc-08b07ea58d6be0d84"
              }
            ]
          },
          "sensitive_attributes": [],
          "private": "eyJlMmJmYjczMC1lY2FhLTExZTYtOGY4OC0zNDM2M2JjN2M0YzAiOnsiY3JlYXRlIjo2MDAwMDAwMDAwMDAsImRlbGV0ZSI6NjAwMDAwMDAwMDAwLCJ1cGRhdGUiOjYwMDAwMDAwMDAwMH19",
          "dependencies": [
            "aws_cloudfront_distribution.api_cdn",
            "aws_cloudfront_origin_access_control.frontend_oac",
            "aws_dynamodb_table.transactions",
            "aws_dynamodb_table.users",
            "aws_iam_role.backend_lambda",
            "aws_s3_bucket.frontend",
            "aws_s3_bucket.uploads",
            "aws_security_group.lambda",
            "aws_subnet.private_a",
            "aws_subnet.private_b",
            "aws_vpc.main",
            "data.aws_availability_zones.available",
            "data.aws_iam_policy_document.lambda_assume_role",
            "random_id.bucket_suffix"
          ]
        }
      ]
    },
    {
      "mode": "managed",
      "type": "aws_lambda_function",
      "name": "cost_guard",
      "provider": "provider[\"registry.terraform.io/hashicorp/aws\"]",
      "instances": [
        {
          "schema_version": 0,
          "attributes": {
            "architectures": [
              "x86_64"
            ],
            "arn": "arn:aws:lambda:us-east-1:610175138509:function:budgetbot-hackathon-cost-guard",
            "code_sha256": "uZRxnhPUDpThw2959tk1r3LF+It1UDeB513iXO0Gia0=",
            "code_signing_config_arn": "",
            "dead_letter_config": [],
            "description": "",
            "environment": [],
            "ephemeral_storage": [
              {
                "size": 512
              }
            ],
            "file_system_config": [],
            "filename": "./dummy.zip",
            "function_name": "budgetbot-hackathon-cost-guard",
            "handler": "index.handler",
            "id": "budgetbot-hackathon-cost-guard",
            "image_config": [],
            "image_uri": "",
            "invoke_arn": "arn:aws:apigateway:us-east-1:lambda:path/2015-03-31/functions/arn:aws:lambda:us-east-1:610175138509:function:budgetbot-hackathon-cost-guard/invocations",
            "kms_key_arn": "",
            "last_modified": "2026-05-27T09:56:27.847+0000",
            "layers": [],
            "logging_config": [
              {
                "application_log_level": "",
                "log_format": "Text",
                "log_group": "/aws/lambda/budgetbot-hackathon-cost-guard",
                "system_log_level": ""
              }
            ],
            "memory_size": 128,
            "package_type": "Zip",
            "publish": false,
            "qualified_arn": "arn:aws:lambda:us-east-1:610175138509:function:budgetbot-hackathon-cost-guard:$LATEST",
            "qualified_invoke_arn": "arn:aws:apigateway:us-east-1:lambda:path/2015-03-31/functions/arn:aws:lambda:us-east-1:610175138509:function:budgetbot-hackathon-cost-guard:$LATEST/invocations",
            "replace_security_groups_on_destroy": null,
            "replacement_security_group_ids": null,
            "reserved_concurrent_executions": -1,
            "role": "arn:aws:iam::610175138509:role/budgetbot-hackathon-backend-role",
            "runtime": "python3.11",
            "s3_bucket": null,
            "s3_key": null,
            "s3_object_version": null,
            "signing_job_arn": "",
            "signing_profile_version_arn": "",
            "skip_destroy": false,
            "snap_start": [],
            "source_code_hash": "",
            "source_code_size": 187,
            "tags": {},
            "tags_all": {
              "CostCenter": "G13",
              "Environment": "hackathon",
              "ManagedBy": "Terraform",
              "Owner": "ptientr.dev@gmail.com",
              "Project": "W7Capstone",
              "Team": "G13"
            },
            "timeout": 3,
            "timeouts": null,
            "tracing_config": [
              {
                "mode": "PassThrough"
              }
            ],
            "version": "$LATEST",
            "vpc_config": []
          },
          "sensitive_attributes": [],
          "private": "eyJlMmJmYjczMC1lY2FhLTExZTYtOGY4OC0zNDM2M2JjN2M0YzAiOnsiY3JlYXRlIjo2MDAwMDAwMDAwMDAsImRlbGV0ZSI6NjAwMDAwMDAwMDAwLCJ1cGRhdGUiOjYwMDAwMDAwMDAwMH19",
          "dependencies": [
            "aws_iam_role.backend_lambda",
            "data.archive_file.dummy_lambda",
            "data.aws_iam_policy_document.lambda_assume_role"
          ]
        }
      ]
    },
    {
      "mode": "managed",
      "type": "aws_lambda_function",
      "name": "s3_remediation",
      "provider": "provider[\"registry.terraform.io/hashicorp/aws\"]",
      "instances": [
        {
          "schema_version": 0,
          "attributes": {
            "architectures": [
              "x86_64"
            ],
            "arn": "arn:aws:lambda:us-east-1:610175138509:function:budgetbot-hackathon-s3-remediation",
            "code_sha256": "uZRxnhPUDpThw2959tk1r3LF+It1UDeB513iXO0Gia0=",
            "code_signing_config_arn": "",
            "dead_letter_config": [],
            "description": "",
            "environment": [],
            "ephemeral_storage": [
              {
                "size": 512
              }
            ],
            "file_system_config": [],
            "filename": "./dummy.zip",
            "function_name": "budgetbot-hackathon-s3-remediation",
            "handler": "index.handler",
            "id": "budgetbot-hackathon-s3-remediation",
            "image_config": [],
            "image_uri": "",
            "invoke_arn": "arn:aws:apigateway:us-east-1:lambda:path/2015-03-31/functions/arn:aws:lambda:us-east-1:610175138509:function:budgetbot-hackathon-s3-remediation/invocations",
            "kms_key_arn": "",
            "last_modified": "2026-05-27T09:56:35.352+0000",
            "layers": [],
            "logging_config": [
              {
                "application_log_level": "",
                "log_format": "Text",
                "log_group": "/aws/lambda/budgetbot-hackathon-s3-remediation",
                "system_log_level": ""
              }
            ],
            "memory_size": 128,
            "package_type": "Zip",
            "publish": false,
            "qualified_arn": "arn:aws:lambda:us-east-1:610175138509:function:budgetbot-hackathon-s3-remediation:$LATEST",
            "qualified_invoke_arn": "arn:aws:apigateway:us-east-1:lambda:path/2015-03-31/functions/arn:aws:lambda:us-east-1:610175138509:function:budgetbot-hackathon-s3-remediation:$LATEST/invocations",
            "replace_security_groups_on_destroy": null,
            "replacement_security_group_ids": null,
            "reserved_concurrent_executions": -1,
            "role": "arn:aws:iam::610175138509:role/budgetbot-hackathon-s3-remediation-role",
            "runtime": "python3.11",
            "s3_bucket": null,
            "s3_key": null,
            "s3_object_version": null,
            "signing_job_arn": "",
            "signing_profile_version_arn": "",
            "skip_destroy": false,
            "snap_start": [],
            "source_code_hash": "",
            "source_code_size": 187,
            "tags": {},
            "tags_all": {
              "CostCenter": "G13",
              "Environment": "hackathon",
              "ManagedBy": "Terraform",
              "Owner": "ptientr.dev@gmail.com",
              "Project": "W7Capstone",
              "Team": "G13"
            },
            "timeout": 10,
            "timeouts": null,
            "tracing_config": [
              {
                "mode": "PassThrough"
              }
            ],
            "version": "$LATEST",
            "vpc_config": []
          },
          "sensitive_attributes": [],
          "private": "eyJlMmJmYjczMC1lY2FhLTExZTYtOGY4OC0zNDM2M2JjN2M0YzAiOnsiY3JlYXRlIjo2MDAwMDAwMDAwMDAsImRlbGV0ZSI6NjAwMDAwMDAwMDAwLCJ1cGRhdGUiOjYwMDAwMDAwMDAwMH19",
          "dependencies": [
            "aws_iam_role.s3_remediation_role",
            "data.archive_file.dummy_lambda"
          ]
        }
      ]
    },
    {
      "mode": "managed",
      "type": "aws_lambda_permission",
      "name": "allow_eventbridge_cost_guard",
      "provider": "provider[\"registry.terraform.io/hashicorp/aws\"]",
      "instances": [
        {
          "schema_version": 0,
          "attributes": {
            "action": "lambda:InvokeFunction",
            "event_source_token": null,
            "function_name": "budgetbot-hackathon-cost-guard",
            "function_url_auth_type": null,
            "id": "AllowExecutionFromCloudWatch",
            "principal": "events.amazonaws.com",
            "principal_org_id": null,
            "qualifier": "",
            "source_account": null,
            "source_arn": "arn:aws:events:us-east-1:610175138509:rule/budgetbot-daily-cost-check",
            "statement_id": "AllowExecutionFromCloudWatch",
            "statement_id_prefix": ""
          },
          "sensitive_attributes": [],
          "private": "bnVsbA==",
          "dependencies": [
            "aws_cloudwatch_event_rule.daily_cost_check",
            "aws_iam_role.backend_lambda",
            "aws_lambda_function.cost_guard",
            "data.archive_file.dummy_lambda",
            "data.aws_iam_policy_document.lambda_assume_role"
          ]
        }
      ]
    },
    {
      "mode": "managed",
      "type": "aws_lambda_permission",
      "name": "allow_eventbridge_s3_remediation",
      "provider": "provider[\"registry.terraform.io/hashicorp/aws\"]",
      "instances": [
        {
          "schema_version": 0,
          "attributes": {
            "action": "lambda:InvokeFunction",
            "event_source_token": null,
            "function_name": "budgetbot-hackathon-s3-remediation",
            "function_url_auth_type": null,
            "id": "AllowExecutionFromEventBridge",
            "principal": "events.amazonaws.com",
            "principal_org_id": null,
            "qualifier": "",
            "source_account": null,
            "source_arn": "arn:aws:events:us-east-1:610175138509:rule/budgetbot-hackathon-s3-pab-change",
            "statement_id": "AllowExecutionFromEventBridge",
            "statement_id_prefix": ""
          },
          "sensitive_attributes": [],
          "private": "bnVsbA==",
          "dependencies": [
            "aws_cloudwatch_event_rule.s3_pab_change",
            "aws_iam_role.s3_remediation_role",
            "aws_lambda_function.s3_remediation",
            "aws_s3_bucket.uploads",
            "data.archive_file.dummy_lambda",
            "random_id.bucket_suffix"
          ]
        }
      ]
    },
    {
      "mode": "managed",
      "type": "aws_lambda_permission",
      "name": "apigw_lambda",
      "provider": "provider[\"registry.terraform.io/hashicorp/aws\"]",
      "instances": [
        {
          "schema_version": 0,
          "attributes": {
            "action": "lambda:InvokeFunction",
            "event_source_token": null,
            "function_name": "budgetbot-hackathon-backend",
            "function_url_auth_type": null,
            "id": "AllowExecutionFromAPIGateway",
            "principal": "apigateway.amazonaws.com",
            "principal_org_id": null,
            "qualifier": "",
            "source_account": null,
            "source_arn": "arn:aws:execute-api:us-east-1:610175138509:kp99iu8hrc/*/*",
            "statement_id": "AllowExecutionFromAPIGateway",
            "statement_id_prefix": ""
          },
          "sensitive_attributes": [],
          "private": "bnVsbA==",
          "dependencies": [
            "aws_apigatewayv2_api.http_api",
            "aws_cloudfront_distribution.api_cdn",
            "aws_cloudfront_origin_access_control.frontend_oac",
            "aws_dynamodb_table.transactions",
            "aws_dynamodb_table.users",
            "aws_iam_role.backend_lambda",
            "aws_lambda_function.backend",
            "aws_s3_bucket.frontend",
            "aws_s3_bucket.uploads",
            "aws_security_group.lambda",
            "aws_subnet.private_a",
            "aws_subnet.private_b",
            "aws_vpc.main",
            "data.aws_availability_zones.available",
            "data.aws_iam_policy_document.lambda_assume_role",
            "random_id.bucket_suffix"
          ]
        }
      ]
    },
    {
      "mode": "managed",
      "type": "aws_route_table",
      "name": "private",
      "provider": "provider[\"registry.terraform.io/hashicorp/aws\"]",
      "instances": [
        {
          "schema_version": 0,
          "attributes": {
            "arn": "arn:aws:ec2:us-east-1:610175138509:route-table/rtb-0c91dfa24c2c6d77e",
            "id": "rtb-0c91dfa24c2c6d77e",
            "owner_id": "610175138509",
            "propagating_vgws": [],
            "route": [],
            "tags": {
              "Name": "budgetbot-hackathon-rt-private"
            },
            "tags_all": {
              "CostCenter": "G13",
              "Environment": "hackathon",
              "ManagedBy": "Terraform",
              "Name": "budgetbot-hackathon-rt-private",
              "Owner": "ptientr.dev@gmail.com",
              "Project": "W7Capstone",
              "Team": "G13"
            },
            "timeouts": null,
            "vpc_id": "vpc-08b07ea58d6be0d84"
          },
          "sensitive_attributes": [],
          "private": "eyJlMmJmYjczMC1lY2FhLTExZTYtOGY4OC0zNDM2M2JjN2M0YzAiOnsiY3JlYXRlIjozMDAwMDAwMDAwMDAsImRlbGV0ZSI6MzAwMDAwMDAwMDAwLCJ1cGRhdGUiOjEyMDAwMDAwMDAwMH19",
          "dependencies": [
            "aws_vpc.main"
          ]
        }
      ]
    },
    {
      "mode": "managed",
      "type": "aws_route_table_association",
      "name": "private_a",
      "provider": "provider[\"registry.terraform.io/hashicorp/aws\"]",
      "instances": [
        {
          "schema_version": 0,
          "attributes": {
            "gateway_id": "",
            "id": "rtbassoc-0162b6d94aebf9db9",
            "route_table_id": "rtb-0c91dfa24c2c6d77e",
            "subnet_id": "subnet-01c584fc5eab97381",
            "timeouts": null
          },
          "sensitive_attributes": [],
          "private": "eyJlMmJmYjczMC1lY2FhLTExZTYtOGY4OC0zNDM2M2JjN2M0YzAiOnsiY3JlYXRlIjozMDAwMDAwMDAwMDAsImRlbGV0ZSI6MzAwMDAwMDAwMDAwLCJ1cGRhdGUiOjEyMDAwMDAwMDAwMH19",
          "dependencies": [
            "aws_route_table.private",
            "aws_subnet.private_a",
            "aws_vpc.main",
            "data.aws_availability_zones.available"
          ]
        }
      ]
    },
    {
      "mode": "managed",
      "type": "aws_route_table_association",
      "name": "private_b",
      "provider": "provider[\"registry.terraform.io/hashicorp/aws\"]",
      "instances": [
        {
          "schema_version": 0,
          "attributes": {
            "gateway_id": "",
            "id": "rtbassoc-0123c1eafbb05d41f",
            "route_table_id": "rtb-0c91dfa24c2c6d77e",
            "subnet_id": "subnet-02de200dac70d62cf",
            "timeouts": null
          },
          "sensitive_attributes": [],
          "private": "eyJlMmJmYjczMC1lY2FhLTExZTYtOGY4OC0zNDM2M2JjN2M0YzAiOnsiY3JlYXRlIjozMDAwMDAwMDAwMDAsImRlbGV0ZSI6MzAwMDAwMDAwMDAwLCJ1cGRhdGUiOjEyMDAwMDAwMDAwMH19",
          "dependencies": [
            "aws_route_table.private",
            "aws_subnet.private_b",
            "aws_vpc.main",
            "data.aws_availability_zones.available"
          ]
        }
      ]
    },
    {
      "mode": "managed",
      "type": "aws_s3_bucket",
      "name": "frontend",
      "provider": "provider[\"registry.terraform.io/hashicorp/aws\"]",
      "instances": [
        {
          "schema_version": 0,
          "attributes": {
            "acceleration_status": "",
            "acl": null,
            "arn": "arn:aws:s3:::budgetbot-hackathon-frontend-873fca3d",
            "bucket": "budgetbot-hackathon-frontend-873fca3d",
            "bucket_domain_name": "budgetbot-hackathon-frontend-873fca3d.s3.amazonaws.com",
            "bucket_prefix": "",
            "bucket_regional_domain_name": "budgetbot-hackathon-frontend-873fca3d.s3.us-east-1.amazonaws.com",
            "cors_rule": [],
            "force_destroy": false,
            "grant": [
              {
                "id": "88fb2dbc96b5ed14fb5407215fa4e2d07431eb7db547cf7cb80a57a53537b445",
                "permissions": [
                  "FULL_CONTROL"
                ],
                "type": "CanonicalUser",
                "uri": ""
              }
            ],
            "hosted_zone_id": "Z3AQBSTGFYJSTF",
            "id": "budgetbot-hackathon-frontend-873fca3d",
            "lifecycle_rule": [],
            "logging": [],
            "object_lock_configuration": [],
            "object_lock_enabled": false,
            "policy": "{\"Statement\":[{\"Action\":\"s3:GetObject\",\"Condition\":{\"StringEquals\":{\"AWS:SourceArn\":\"arn:aws:cloudfront::610175138509:distribution/E2B3LR9JESIKDG\"}},\"Effect\":\"Allow\",\"Principal\":{\"Service\":\"cloudfront.amazonaws.com\"},\"Resource\":\"arn:aws:s3:::budgetbot-hackathon-frontend-873fca3d/*\"}],\"Version\":\"2012-10-17\"}",
            "region": "us-east-1",
            "replication_configuration": [],
            "request_payer": "BucketOwner",
            "server_side_encryption_configuration": [
              {
                "rule": [
                  {
                    "apply_server_side_encryption_by_default": [
                      {
                        "kms_master_key_id": "",
                        "sse_algorithm": "AES256"
                      }
                    ],
                    "bucket_key_enabled": false
                  }
                ]
              }
            ],
            "tags": {
              "Name": "budgetbot-frontend"
            },
            "tags_all": {
              "CostCenter": "G13",
              "Environment": "hackathon",
              "ManagedBy": "Terraform",
              "Name": "budgetbot-frontend",
              "Owner": "ptientr.dev@gmail.com",
              "Project": "W7Capstone",
              "Team": "G13"
            },
            "timeouts": null,
            "versioning": [
              {
                "enabled": false,
                "mfa_delete": false
              }
            ],
            "website": [],
            "website_domain": null,
            "website_endpoint": null
          },
          "sensitive_attributes": [],
          "private": "eyJlMmJmYjczMC1lY2FhLTExZTYtOGY4OC0zNDM2M2JjN2M0YzAiOnsiY3JlYXRlIjoxMjAwMDAwMDAwMDAwLCJkZWxldGUiOjM2MDAwMDAwMDAwMDAsInJlYWQiOjEyMDAwMDAwMDAwMDAsInVwZGF0ZSI6MTIwMDAwMDAwMDAwMH19",
          "dependencies": [
            "random_id.bucket_suffix"
          ]
        }
      ]
    },
    {
      "mode": "managed",
      "type": "aws_s3_bucket",
      "name": "uploads",
      "provider": "provider[\"registry.terraform.io/hashicorp/aws\"]",
      "instances": [
        {
          "schema_version": 0,
          "attributes": {
            "acceleration_status": "",
            "acl": null,
            "arn": "arn:aws:s3:::budgetbot-hackathon-uploads-873fca3d",
            "bucket": "budgetbot-hackathon-uploads-873fca3d",
            "bucket_domain_name": "budgetbot-hackathon-uploads-873fca3d.s3.amazonaws.com",
            "bucket_prefix": "",
            "bucket_regional_domain_name": "budgetbot-hackathon-uploads-873fca3d.s3.us-east-1.amazonaws.com",
            "cors_rule": [],
            "force_destroy": false,
            "grant": [
              {
                "id": "88fb2dbc96b5ed14fb5407215fa4e2d07431eb7db547cf7cb80a57a53537b445",
                "permissions": [
                  "FULL_CONTROL"
                ],
                "type": "CanonicalUser",
                "uri": ""
              }
            ],
            "hosted_zone_id": "Z3AQBSTGFYJSTF",
            "id": "budgetbot-hackathon-uploads-873fca3d",
            "lifecycle_rule": [
              {
                "abort_incomplete_multipart_upload_days": 0,
                "enabled": true,
                "expiration": [
                  {
                    "date": "",
                    "days": 90,
                    "expired_object_delete_marker": false
                  }
                ],
                "id": "archive-and-expire",
                "noncurrent_version_expiration": [],
                "noncurrent_version_transition": [],
                "prefix": "",
                "tags": {},
                "transition": [
                  {
                    "date": "",
                    "days": 30,
                    "storage_class": "STANDARD_IA"
                  }
                ]
              }
            ],
            "logging": [],
            "object_lock_configuration": [],
            "object_lock_enabled": false,
            "policy": "",
            "region": "us-east-1",
            "replication_configuration": [],
            "request_payer": "BucketOwner",
            "server_side_encryption_configuration": [
              {
                "rule": [
                  {
                    "apply_server_side_encryption_by_default": [
                      {
                        "kms_master_key_id": "arn:aws:kms:us-east-1:610175138509:key/a5ef4d75-f3e0-432a-9bb9-5fa3ae83c971",
                        "sse_algorithm": "aws:kms"
                      }
                    ],
                    "bucket_key_enabled": false
                  }
                ]
              }
            ],
            "tags": {
              "Name": "budgetbot-uploads"
            },
            "tags_all": {
              "CostCenter": "G13",
              "Environment": "hackathon",
              "ManagedBy": "Terraform",
              "Name": "budgetbot-uploads",
              "Owner": "ptientr.dev@gmail.com",
              "Project": "W7Capstone",
              "Team": "G13"
            },
            "timeouts": null,
            "versioning": [
              {
                "enabled": false,
                "mfa_delete": false
              }
            ],
            "website": [],
            "website_domain": null,
            "website_endpoint": null
          },
          "sensitive_attributes": [],
          "private": "eyJlMmJmYjczMC1lY2FhLTExZTYtOGY4OC0zNDM2M2JjN2M0YzAiOnsiY3JlYXRlIjoxMjAwMDAwMDAwMDAwLCJkZWxldGUiOjM2MDAwMDAwMDAwMDAsInJlYWQiOjEyMDAwMDAwMDAwMDAsInVwZGF0ZSI6MTIwMDAwMDAwMDAwMH19",
          "dependencies": [
            "random_id.bucket_suffix"
          ]
        }
      ]
    },
    {
      "mode": "managed",
      "type": "aws_s3_bucket_lifecycle_configuration",
      "name": "uploads_lifecycle",
      "provider": "provider[\"registry.terraform.io/hashicorp/aws\"]",
      "instances": [
        {
          "schema_version": 1,
          "attributes": {
            "bucket": "budgetbot-hackathon-uploads-873fca3d",
            "expected_bucket_owner": "",
            "id": "budgetbot-hackathon-uploads-873fca3d",
            "rule": [
              {
                "abort_incomplete_multipart_upload": [],
                "expiration": [
                  {
                    "date": null,
                    "days": 90,
                    "expired_object_delete_marker": false
                  }
                ],
                "filter": [],
                "id": "archive-and-expire",
                "noncurrent_version_expiration": [],
                "noncurrent_version_transition": [],
                "prefix": "",
                "status": "Enabled",
                "transition": [
                  {
                    "date": null,
                    "days": 30,
                    "storage_class": "STANDARD_IA"
                  }
                ]
              }
            ],
            "timeouts": null,
            "transition_default_minimum_object_size": "all_storage_classes_128K"
          },
          "sensitive_attributes": [],
          "dependencies": [
            "aws_s3_bucket.uploads",
            "random_id.bucket_suffix"
          ]
        }
      ]
    },
    {
      "mode": "managed",
      "type": "aws_s3_bucket_policy",
      "name": "frontend_policy",
      "provider": "provider[\"registry.terraform.io/hashicorp/aws\"]",
      "instances": [
        {
          "schema_version": 0,
          "attributes": {
            "bucket": "budgetbot-hackathon-frontend-873fca3d",
            "id": "budgetbot-hackathon-frontend-873fca3d",
            "policy": "{\"Statement\":[{\"Action\":\"s3:GetObject\",\"Condition\":{\"StringEquals\":{\"AWS:SourceArn\":\"arn:aws:cloudfront::610175138509:distribution/E2B3LR9JESIKDG\"}},\"Effect\":\"Allow\",\"Principal\":{\"Service\":\"cloudfront.amazonaws.com\"},\"Resource\":\"arn:aws:s3:::budgetbot-hackathon-frontend-873fca3d/*\"}],\"Version\":\"2012-10-17\"}"
          },
          "sensitive_attributes": [],
          "private": "bnVsbA==",
          "dependencies": [
            "aws_cloudfront_distribution.api_cdn",
            "aws_cloudfront_origin_access_control.frontend_oac",
            "aws_s3_bucket.frontend",
            "random_id.bucket_suffix"
          ]
        }
      ]
    },
    {
      "mode": "managed",
      "type": "aws_s3_bucket_public_access_block",
      "name": "uploads_pab",
      "provider": "provider[\"registry.terraform.io/hashicorp/aws\"]",
      "instances": [
        {
          "schema_version": 0,
          "attributes": {
            "block_public_acls": true,
            "block_public_policy": true,
            "bucket": "budgetbot-hackathon-uploads-873fca3d",
            "id": "budgetbot-hackathon-uploads-873fca3d",
            "ignore_public_acls": true,
            "restrict_public_buckets": true
          },
          "sensitive_attributes": [],
          "private": "bnVsbA==",
          "dependencies": [
            "aws_s3_bucket.uploads",
            "random_id.bucket_suffix"
          ]
        }
      ]
    },
    {
      "mode": "managed",
      "type": "aws_s3_bucket_server_side_encryption_configuration",
      "name": "uploads_sse",
      "provider": "provider[\"registry.terraform.io/hashicorp/aws\"]",
      "instances": [
        {
          "schema_version": 0,
          "attributes": {
            "bucket": "budgetbot-hackathon-uploads-873fca3d",
            "expected_bucket_owner": "",
            "id": "budgetbot-hackathon-uploads-873fca3d",
            "rule": [
              {
                "apply_server_side_encryption_by_default": [
                  {
                    "kms_master_key_id": "arn:aws:kms:us-east-1:610175138509:key/a5ef4d75-f3e0-432a-9bb9-5fa3ae83c971",
                    "sse_algorithm": "aws:kms"
                  }
                ],
                "bucket_key_enabled": false
              }
            ]
          },
          "sensitive_attributes": [],
          "private": "bnVsbA==",
          "dependencies": [
            "aws_kms_key.s3_key",
            "aws_s3_bucket.uploads",
            "random_id.bucket_suffix"
          ]
        }
      ]
    },
    {
      "mode": "managed",
      "type": "aws_security_group",
      "name": "bedrock",
      "provider": "provider[\"registry.terraform.io/hashicorp/aws\"]",
      "instances": [
        {
          "schema_version": 1,
          "attributes": {
            "arn": "arn:aws:ec2:us-east-1:610175138509:security-group/sg-07f9ab0c84748e045",
            "description": "Security group for Bedrock Runtime Interface Endpoint",
            "egress": [],
            "id": "sg-07f9ab0c84748e045",
            "ingress": [
              {
                "cidr_blocks": [],
                "description": "",
                "from_port": 443,
                "ipv6_cidr_blocks": [],
                "prefix_list_ids": [],
                "protocol": "tcp",
                "security_groups": [
                  "sg-024514607ef0c62bf"
                ],
                "self": false,
                "to_port": 443
              }
            ],
            "name": "budgetbot-hackathon-bedrock-sg",
            "name_prefix": "",
            "owner_id": "610175138509",
            "revoke_rules_on_delete": false,
            "tags": {
              "Name": "budgetbot-hackathon-bedrock-sg"
            },
            "tags_all": {
              "CostCenter": "G13",
              "Environment": "hackathon",
              "ManagedBy": "Terraform",
              "Name": "budgetbot-hackathon-bedrock-sg",
              "Owner": "ptientr.dev@gmail.com",
              "Project": "W7Capstone",
              "Team": "G13"
            },
            "timeouts": null,
            "vpc_id": "vpc-08b07ea58d6be0d84"
          },
          "sensitive_attributes": [],
          "private": "eyJlMmJmYjczMC1lY2FhLTExZTYtOGY4OC0zNDM2M2JjN2M0YzAiOnsiY3JlYXRlIjo2MDAwMDAwMDAwMDAsImRlbGV0ZSI6OTAwMDAwMDAwMDAwfSwic2NoZW1hX3ZlcnNpb24iOiIxIn0=",
          "dependencies": [
            "aws_security_group.lambda",
            "aws_vpc.main"
          ]
        }
      ]
    },
    {
      "mode": "managed",
      "type": "aws_security_group",
      "name": "lambda",
      "provider": "provider[\"registry.terraform.io/hashicorp/aws\"]",
      "instances": [
        {
          "schema_version": 1,
          "attributes": {
            "arn": "arn:aws:ec2:us-east-1:610175138509:security-group/sg-024514607ef0c62bf",
            "description": "Security group for backend Lambda function",
            "egress": [
              {
                "cidr_blocks": [
                  "0.0.0.0/0"
                ],
                "description": "",
                "from_port": 0,
                "ipv6_cidr_blocks": [],
                "prefix_list_ids": [],
                "protocol": "-1",
                "security_groups": [],
                "self": false,
                "to_port": 0
              }
            ],
            "id": "sg-024514607ef0c62bf",
            "ingress": [],
            "name": "budgetbot-hackathon-lambda-sg",
            "name_prefix": "",
            "owner_id": "610175138509",
            "revoke_rules_on_delete": false,
            "tags": {
              "Name": "budgetbot-hackathon-lambda-sg"
            },
            "tags_all": {
              "CostCenter": "G13",
              "Environment": "hackathon",
              "ManagedBy": "Terraform",
              "Name": "budgetbot-hackathon-lambda-sg",
              "Owner": "ptientr.dev@gmail.com",
              "Project": "W7Capstone",
              "Team": "G13"
            },
            "timeouts": null,
            "vpc_id": "vpc-08b07ea58d6be0d84"
          },
          "sensitive_attributes": [],
          "private": "eyJlMmJmYjczMC1lY2FhLTExZTYtOGY4OC0zNDM2M2JjN2M0YzAiOnsiY3JlYXRlIjo2MDAwMDAwMDAwMDAsImRlbGV0ZSI6OTAwMDAwMDAwMDAwfSwic2NoZW1hX3ZlcnNpb24iOiIxIn0=",
          "dependencies": [
            "aws_vpc.main"
          ]
        }
      ]
    },
    {
      "mode": "managed",
      "type": "aws_security_group",
      "name": "textract",
      "provider": "provider[\"registry.terraform.io/hashicorp/aws\"]",
      "instances": [
        {
          "schema_version": 1,
          "attributes": {
            "arn": "arn:aws:ec2:us-east-1:610175138509:security-group/sg-00277552efabadc49",
            "description": "Security group for Textract Interface Endpoint",
            "egress": [],
            "id": "sg-00277552efabadc49",
            "ingress": [
              {
                "cidr_blocks": [],
                "description": "",
                "from_port": 443,
                "ipv6_cidr_blocks": [],
                "prefix_list_ids": [],
                "protocol": "tcp",
                "security_groups": [
                  "sg-024514607ef0c62bf"
                ],
                "self": false,
                "to_port": 443
              }
            ],
            "name": "budgetbot-hackathon-textract-sg",
            "name_prefix": "",
            "owner_id": "610175138509",
            "revoke_rules_on_delete": false,
            "tags": {
              "Name": "budgetbot-hackathon-textract-sg"
            },
            "tags_all": {
              "CostCenter": "G13",
              "Environment": "hackathon",
              "ManagedBy": "Terraform",
              "Name": "budgetbot-hackathon-textract-sg",
              "Owner": "ptientr.dev@gmail.com",
              "Project": "W7Capstone",
              "Team": "G13"
            },
            "timeouts": null,
            "vpc_id": "vpc-08b07ea58d6be0d84"
          },
          "sensitive_attributes": [],
          "private": "eyJlMmJmYjczMC1lY2FhLTExZTYtOGY4OC0zNDM2M2JjN2M0YzAiOnsiY3JlYXRlIjo2MDAwMDAwMDAwMDAsImRlbGV0ZSI6OTAwMDAwMDAwMDAwfSwic2NoZW1hX3ZlcnNpb24iOiIxIn0=",
          "dependencies": [
            "aws_security_group.lambda",
            "aws_vpc.main"
          ]
        }
      ]
    },
    {
      "mode": "managed",
      "type": "aws_sns_topic",
      "name": "alerts",
      "provider": "provider[\"registry.terraform.io/hashicorp/aws\"]",
      "instances": [
        {
          "schema_version": 0,
          "attributes": {
            "application_failure_feedback_role_arn": "",
            "application_success_feedback_role_arn": "",
            "application_success_feedback_sample_rate": 0,
            "archive_policy": "",
            "arn": "arn:aws:sns:us-east-1:610175138509:budgetbot-hackathon-alerts",
            "beginning_archive_time": "",
            "content_based_deduplication": false,
            "delivery_policy": "",
            "display_name": "",
            "fifo_throughput_scope": "",
            "fifo_topic": false,
            "firehose_failure_feedback_role_arn": "",
            "firehose_success_feedback_role_arn": "",
            "firehose_success_feedback_sample_rate": 0,
            "http_failure_feedback_role_arn": "",
            "http_success_feedback_role_arn": "",
            "http_success_feedback_sample_rate": 0,
            "id": "arn:aws:sns:us-east-1:610175138509:budgetbot-hackathon-alerts",
            "kms_master_key_id": "",
            "lambda_failure_feedback_role_arn": "",
            "lambda_success_feedback_role_arn": "",
            "lambda_success_feedback_sample_rate": 0,
            "name": "budgetbot-hackathon-alerts",
            "name_prefix": "",
            "owner": "610175138509",
            "policy": "{\"Id\":\"__default_policy_ID\",\"Statement\":[{\"Action\":[\"SNS:GetTopicAttributes\",\"SNS:SetTopicAttributes\",\"SNS:AddPermission\",\"SNS:RemovePermission\",\"SNS:DeleteTopic\",\"SNS:Subscribe\",\"SNS:ListSubscriptionsByTopic\",\"SNS:Publish\"],\"Condition\":{\"StringEquals\":{\"AWS:SourceOwner\":\"610175138509\"}},\"Effect\":\"Allow\",\"Principal\":{\"AWS\":\"*\"},\"Resource\":\"arn:aws:sns:us-east-1:610175138509:budgetbot-hackathon-alerts\",\"Sid\":\"__default_statement_ID\"}],\"Version\":\"2008-10-17\"}",
            "signature_version": 0,
            "sqs_failure_feedback_role_arn": "",
            "sqs_success_feedback_role_arn": "",
            "sqs_success_feedback_sample_rate": 0,
            "tags": {},
            "tags_all": {
              "CostCenter": "G13",
              "Environment": "hackathon",
              "ManagedBy": "Terraform",
              "Owner": "ptientr.dev@gmail.com",
              "Project": "W7Capstone",
              "Team": "G13"
            },
            "tracing_config": ""
          },
          "sensitive_attributes": [],
          "private": "bnVsbA=="
        }
      ]
    },
    {
      "mode": "managed",
      "type": "aws_subnet",
      "name": "private_a",
      "provider": "provider[\"registry.terraform.io/hashicorp/aws\"]",
      "instances": [
        {
          "schema_version": 1,
          "attributes": {
            "arn": "arn:aws:ec2:us-east-1:610175138509:subnet/subnet-01c584fc5eab97381",
            "assign_ipv6_address_on_creation": false,
            "availability_zone": "us-east-1a",
            "availability_zone_id": "use1-az1",
            "cidr_block": "10.0.1.0/24",
            "customer_owned_ipv4_pool": "",
            "enable_dns64": false,
            "enable_lni_at_device_index": 0,
            "enable_resource_name_dns_a_record_on_launch": false,
            "enable_resource_name_dns_aaaa_record_on_launch": false,
            "id": "subnet-01c584fc5eab97381",
            "ipv6_cidr_block": "",
            "ipv6_cidr_block_association_id": "",
            "ipv6_native": false,
            "map_customer_owned_ip_on_launch": false,
            "map_public_ip_on_launch": false,
            "outpost_arn": "",
            "owner_id": "610175138509",
            "private_dns_hostname_type_on_launch": "ip-name",
            "tags": {
              "Name": "budgetbot-hackathon-subnet-private-a"
            },
            "tags_all": {
              "CostCenter": "G13",
              "Environment": "hackathon",
              "ManagedBy": "Terraform",
              "Name": "budgetbot-hackathon-subnet-private-a",
              "Owner": "ptientr.dev@gmail.com",
              "Project": "W7Capstone",
              "Team": "G13"
            },
            "timeouts": null,
            "vpc_id": "vpc-08b07ea58d6be0d84"
          },
          "sensitive_attributes": [],
          "private": "eyJlMmJmYjczMC1lY2FhLTExZTYtOGY4OC0zNDM2M2JjN2M0YzAiOnsiY3JlYXRlIjo2MDAwMDAwMDAwMDAsImRlbGV0ZSI6MTIwMDAwMDAwMDAwMH0sInNjaGVtYV92ZXJzaW9uIjoiMSJ9",
          "dependencies": [
            "aws_vpc.main",
            "data.aws_availability_zones.available"
          ]
        }
      ]
    },
    {
      "mode": "managed",
      "type": "aws_subnet",
      "name": "private_b",
      "provider": "provider[\"registry.terraform.io/hashicorp/aws\"]",
      "instances": [
        {
          "schema_version": 1,
          "attributes": {
            "arn": "arn:aws:ec2:us-east-1:610175138509:subnet/subnet-02de200dac70d62cf",
            "assign_ipv6_address_on_creation": false,
            "availability_zone": "us-east-1b",
            "availability_zone_id": "use1-az2",
            "cidr_block": "10.0.2.0/24",
            "customer_owned_ipv4_pool": "",
            "enable_dns64": false,
            "enable_lni_at_device_index": 0,
            "enable_resource_name_dns_a_record_on_launch": false,
            "enable_resource_name_dns_aaaa_record_on_launch": false,
            "id": "subnet-02de200dac70d62cf",
            "ipv6_cidr_block": "",
            "ipv6_cidr_block_association_id": "",
            "ipv6_native": false,
            "map_customer_owned_ip_on_launch": false,
            "map_public_ip_on_launch": false,
            "outpost_arn": "",
            "owner_id": "610175138509",
            "private_dns_hostname_type_on_launch": "ip-name",
            "tags": {
              "Name": "budgetbot-hackathon-subnet-private-b"
            },
            "tags_all": {
              "CostCenter": "G13",
              "Environment": "hackathon",
              "ManagedBy": "Terraform",
              "Name": "budgetbot-hackathon-subnet-private-b",
              "Owner": "ptientr.dev@gmail.com",
              "Project": "W7Capstone",
              "Team": "G13"
            },
            "timeouts": null,
            "vpc_id": "vpc-08b07ea58d6be0d84"
          },
          "sensitive_attributes": [],
          "private": "eyJlMmJmYjczMC1lY2FhLTExZTYtOGY4OC0zNDM2M2JjN2M0YzAiOnsiY3JlYXRlIjo2MDAwMDAwMDAwMDAsImRlbGV0ZSI6MTIwMDAwMDAwMDAwMH0sInNjaGVtYV92ZXJzaW9uIjoiMSJ9",
          "dependencies": [
            "aws_vpc.main",
            "data.aws_availability_zones.available"
          ]
        }
      ]
    },
    {
      "mode": "managed",
      "type": "aws_vpc",
      "name": "main",
      "provider": "provider[\"registry.terraform.io/hashicorp/aws\"]",
      "instances": [
        {
          "schema_version": 1,
          "attributes": {
            "arn": "arn:aws:ec2:us-east-1:610175138509:vpc/vpc-08b07ea58d6be0d84",
            "assign_generated_ipv6_cidr_block": false,
            "cidr_block": "10.0.0.0/16",
            "default_network_acl_id": "acl-034b5e471d7650378",
            "default_route_table_id": "rtb-00b8782911de0c477",
            "default_security_group_id": "sg-07742059859d050de",
            "dhcp_options_id": "dopt-006c64c0420748880",
            "enable_dns_hostnames": true,
            "enable_dns_support": true,
            "enable_network_address_usage_metrics": false,
            "id": "vpc-08b07ea58d6be0d84",
            "instance_tenancy": "default",
            "ipv4_ipam_pool_id": null,
            "ipv4_netmask_length": null,
            "ipv6_association_id": "",
            "ipv6_cidr_block": "",
            "ipv6_cidr_block_network_border_group": "",
            "ipv6_ipam_pool_id": "",
            "ipv6_netmask_length": 0,
            "main_route_table_id": "rtb-00b8782911de0c477",
            "owner_id": "610175138509",
            "tags": {
              "Name": "budgetbot-hackathon-vpc"
            },
            "tags_all": {
              "CostCenter": "G13",
              "Environment": "hackathon",
              "ManagedBy": "Terraform",
              "Name": "budgetbot-hackathon-vpc",
              "Owner": "ptientr.dev@gmail.com",
              "Project": "W7Capstone",
              "Team": "G13"
            }
          },
          "sensitive_attributes": [],
          "private": "eyJzY2hlbWFfdmVyc2lvbiI6IjEifQ=="
        }
      ]
    },
    {
      "mode": "managed",
      "type": "aws_vpc_endpoint",
      "name": "bedrock",
      "provider": "provider[\"registry.terraform.io/hashicorp/aws\"]",
      "instances": [
        {
          "schema_version": 0,
          "attributes": {
            "arn": "arn:aws:ec2:us-east-1:610175138509:vpc-endpoint/vpce-0490e268bd5bf714a",
            "auto_accept": null,
            "cidr_blocks": [],
            "dns_entry": [
              {
                "dns_name": "vpce-0490e268bd5bf714a-mjn89ly3.bedrock-runtime.us-east-1.vpce.amazonaws.com",
                "hosted_zone_id": "Z7HUB22UULQXV"
              },
              {
                "dns_name": "vpce-0490e268bd5bf714a-mjn89ly3-us-east-1a.bedrock-runtime.us-east-1.vpce.amazonaws.com",
                "hosted_zone_id": "Z7HUB22UULQXV"
              },
              {
                "dns_name": "vpce-0490e268bd5bf714a-mjn89ly3-us-east-1b.bedrock-runtime.us-east-1.vpce.amazonaws.com",
                "hosted_zone_id": "Z7HUB22UULQXV"
              },
              {
                "dns_name": "bedrock-runtime.us-east-1.amazonaws.com",
                "hosted_zone_id": "Z06171387533DY36K7DA"
              }
            ],
            "dns_options": [
              {
                "dns_record_ip_type": "ipv4",
                "private_dns_only_for_inbound_resolver_endpoint": false
              }
            ],
            "id": "vpce-0490e268bd5bf714a",
            "ip_address_type": "ipv4",
            "network_interface_ids": [
              "eni-015a05ef12d18de60",
              "eni-0a7ca9d1c9121c665"
            ],
            "owner_id": "610175138509",
            "policy": "{\"Statement\":[{\"Action\":\"*\",\"Effect\":\"Allow\",\"Principal\":\"*\",\"Resource\":\"*\"}]}",
            "prefix_list_id": null,
            "private_dns_enabled": true,
            "requester_managed": false,
            "resource_configuration_arn": "",
            "route_table_ids": [],
            "security_group_ids": [
              "sg-07f9ab0c84748e045"
            ],
            "service_name": "com.amazonaws.us-east-1.bedrock-runtime",
            "service_network_arn": "",
            "service_region": "us-east-1",
            "state": "available",
            "subnet_configuration": [
              {
                "ipv4": "10.0.1.210",
                "ipv6": "",
                "subnet_id": "subnet-01c584fc5eab97381"
              },
              {
                "ipv4": "10.0.2.40",
                "ipv6": "",
                "subnet_id": "subnet-02de200dac70d62cf"
              }
            ],
            "subnet_ids": [
              "subnet-01c584fc5eab97381",
              "subnet-02de200dac70d62cf"
            ],
            "tags": {
              "Name": "budgetbot-hackathon-vpce-bedrock"
            },
            "tags_all": {
              "CostCenter": "G13",
              "Environment": "hackathon",
              "ManagedBy": "Terraform",
              "Name": "budgetbot-hackathon-vpce-bedrock",
              "Owner": "ptientr.dev@gmail.com",
              "Project": "W7Capstone",
              "Team": "G13"
            },
            "timeouts": null,
            "vpc_endpoint_type": "Interface",
            "vpc_id": "vpc-08b07ea58d6be0d84"
          },
          "sensitive_attributes": [],
          "private": "eyJlMmJmYjczMC1lY2FhLTExZTYtOGY4OC0zNDM2M2JjN2M0YzAiOnsiY3JlYXRlIjo2MDAwMDAwMDAwMDAsImRlbGV0ZSI6NjAwMDAwMDAwMDAwLCJ1cGRhdGUiOjYwMDAwMDAwMDAwMH19",
          "dependencies": [
            "aws_security_group.bedrock",
            "aws_security_group.lambda",
            "aws_subnet.private_a",
            "aws_subnet.private_b",
            "aws_vpc.main",
            "data.aws_availability_zones.available"
          ]
        }
      ]
    },
    {
      "mode": "managed",
      "type": "aws_vpc_endpoint",
      "name": "dynamodb",
      "provider": "provider[\"registry.terraform.io/hashicorp/aws\"]",
      "instances": [
        {
          "schema_version": 0,
          "attributes": {
            "arn": "arn:aws:ec2:us-east-1:610175138509:vpc-endpoint/vpce-0a7982ac47a75c271",
            "auto_accept": null,
            "cidr_blocks": [
              "35.71.70.0/24",
              "3.218.182.0/24",
              "3.218.180.0/23",
              "35.71.68.0/23",
              "52.94.0.0/22",
              "52.119.224.0/20"
            ],
            "dns_entry": [],
            "dns_options": [
              {
                "dns_record_ip_type": "service-defined",
                "private_dns_only_for_inbound_resolver_endpoint": false
              }
            ],
            "id": "vpce-0a7982ac47a75c271",
            "ip_address_type": "ipv4",
            "network_interface_ids": [],
            "owner_id": "610175138509",
            "policy": "{\"Statement\":[{\"Action\":\"*\",\"Effect\":\"Allow\",\"Principal\":\"*\",\"Resource\":\"*\"}],\"Version\":\"2008-10-17\"}",
            "prefix_list_id": "pl-02cd2c6b",
            "private_dns_enabled": false,
            "requester_managed": false,
            "resource_configuration_arn": "",
            "route_table_ids": [
              "rtb-0c91dfa24c2c6d77e"
            ],
            "security_group_ids": [],
            "service_name": "com.amazonaws.us-east-1.dynamodb",
            "service_network_arn": "",
            "service_region": "us-east-1",
            "state": "available",
            "subnet_configuration": [],
            "subnet_ids": [],
            "tags": {
              "Name": "budgetbot-hackathon-vpce-dynamodb"
            },
            "tags_all": {
              "CostCenter": "G13",
              "Environment": "hackathon",
              "ManagedBy": "Terraform",
              "Name": "budgetbot-hackathon-vpce-dynamodb",
              "Owner": "ptientr.dev@gmail.com",
              "Project": "W7Capstone",
              "Team": "G13"
            },
            "timeouts": null,
            "vpc_endpoint_type": "Gateway",
            "vpc_id": "vpc-08b07ea58d6be0d84"
          },
          "sensitive_attributes": [],
          "private": "eyJlMmJmYjczMC1lY2FhLTExZTYtOGY4OC0zNDM2M2JjN2M0YzAiOnsiY3JlYXRlIjo2MDAwMDAwMDAwMDAsImRlbGV0ZSI6NjAwMDAwMDAwMDAwLCJ1cGRhdGUiOjYwMDAwMDAwMDAwMH19",
          "dependencies": [
            "aws_route_table.private",
            "aws_vpc.main"
          ]
        }
      ]
    },
    {
      "mode": "managed",
      "type": "aws_vpc_endpoint",
      "name": "s3",
      "provider": "provider[\"registry.terraform.io/hashicorp/aws\"]",
      "instances": [
        {
          "schema_version": 0,
          "attributes": {
            "arn": "arn:aws:ec2:us-east-1:610175138509:vpc-endpoint/vpce-06e15364042ec6183",
            "auto_accept": null,
            "cidr_blocks": [
              "16.15.176.0/20",
              "16.182.0.0/16",
              "18.34.0.0/19",
              "52.216.0.0/15",
              "54.231.0.0/16",
              "3.5.0.0/19",
              "18.34.232.0/21",
              "16.15.192.0/18"
            ],
            "dns_entry": [],
            "dns_options": [
              {
                "dns_record_ip_type": "service-defined",
                "private_dns_only_for_inbound_resolver_endpoint": false
              }
            ],
            "id": "vpce-06e15364042ec6183",
            "ip_address_type": "ipv4",
            "network_interface_ids": [],
            "owner_id": "610175138509",
            "policy": "{\"Statement\":[{\"Action\":\"*\",\"Effect\":\"Allow\",\"Principal\":\"*\",\"Resource\":\"*\"}],\"Version\":\"2008-10-17\"}",
            "prefix_list_id": "pl-63a5400a",
            "private_dns_enabled": false,
            "requester_managed": false,
            "resource_configuration_arn": "",
            "route_table_ids": [
              "rtb-0c91dfa24c2c6d77e"
            ],
            "security_group_ids": [],
            "service_name": "com.amazonaws.us-east-1.s3",
            "service_network_arn": "",
            "service_region": "us-east-1",
            "state": "available",
            "subnet_configuration": [],
            "subnet_ids": [],
            "tags": {
              "Name": "budgetbot-hackathon-vpce-s3"
            },
            "tags_all": {
              "CostCenter": "G13",
              "Environment": "hackathon",
              "ManagedBy": "Terraform",
              "Name": "budgetbot-hackathon-vpce-s3",
              "Owner": "ptientr.dev@gmail.com",
              "Project": "W7Capstone",
              "Team": "G13"
            },
            "timeouts": null,
            "vpc_endpoint_type": "Gateway",
            "vpc_id": "vpc-08b07ea58d6be0d84"
          },
          "sensitive_attributes": [],
          "private": "eyJlMmJmYjczMC1lY2FhLTExZTYtOGY4OC0zNDM2M2JjN2M0YzAiOnsiY3JlYXRlIjo2MDAwMDAwMDAwMDAsImRlbGV0ZSI6NjAwMDAwMDAwMDAwLCJ1cGRhdGUiOjYwMDAwMDAwMDAwMH19",
          "dependencies": [
            "aws_route_table.private",
            "aws_vpc.main"
          ]
        }
      ]
    },
    {
      "mode": "managed",
      "type": "aws_vpc_endpoint",
      "name": "textract",
      "provider": "provider[\"registry.terraform.io/hashicorp/aws\"]",
      "instances": [
        {
          "schema_version": 0,
          "attributes": {
            "arn": "arn:aws:ec2:us-east-1:610175138509:vpc-endpoint/vpce-0228731f0ca8d8f4e",
            "auto_accept": null,
            "cidr_blocks": [],
            "dns_entry": [
              {
                "dns_name": "vpce-0228731f0ca8d8f4e-6e0cf6au.textract.us-east-1.vpce.amazonaws.com",
                "hosted_zone_id": "Z7HUB22UULQXV"
              },
              {
                "dns_name": "vpce-0228731f0ca8d8f4e-6e0cf6au-us-east-1a.textract.us-east-1.vpce.amazonaws.com",
                "hosted_zone_id": "Z7HUB22UULQXV"
              },
              {
                "dns_name": "vpce-0228731f0ca8d8f4e-6e0cf6au-us-east-1b.textract.us-east-1.vpce.amazonaws.com",
                "hosted_zone_id": "Z7HUB22UULQXV"
              },
              {
                "dns_name": "textract.us-east-1.amazonaws.com",
                "hosted_zone_id": "Z032937711U7NP87MK6TL"
              },
              {
                "dns_name": "textract.us-east-1.api.aws",
                "hosted_zone_id": "Z0656864HFJSY99VR8QS"
              }
            ],
            "dns_options": [
              {
                "dns_record_ip_type": "ipv4",
                "private_dns_only_for_inbound_resolver_endpoint": false
              }
            ],
            "id": "vpce-0228731f0ca8d8f4e",
            "ip_address_type": "ipv4",
            "network_interface_ids": [
              "eni-029434426ff3f476d",
              "eni-0db207d18e5a087f9"
            ],
            "owner_id": "610175138509",
            "policy": "{\"Statement\":[{\"Action\":\"*\",\"Effect\":\"Allow\",\"Principal\":\"*\",\"Resource\":\"*\"}]}",
            "prefix_list_id": null,
            "private_dns_enabled": true,
            "requester_managed": false,
            "resource_configuration_arn": "",
            "route_table_ids": [],
            "security_group_ids": [
              "sg-00277552efabadc49"
            ],
            "service_name": "com.amazonaws.us-east-1.textract",
            "service_network_arn": "",
            "service_region": "us-east-1",
            "state": "available",
            "subnet_configuration": [
              {
                "ipv4": "10.0.1.9",
                "ipv6": "",
                "subnet_id": "subnet-01c584fc5eab97381"
              },
              {
                "ipv4": "10.0.2.51",
                "ipv6": "",
                "subnet_id": "subnet-02de200dac70d62cf"
              }
            ],
            "subnet_ids": [
              "subnet-01c584fc5eab97381",
              "subnet-02de200dac70d62cf"
            ],
            "tags": {
              "Name": "budgetbot-hackathon-vpce-textract"
            },
            "tags_all": {
              "CostCenter": "G13",
              "Environment": "hackathon",
              "ManagedBy": "Terraform",
              "Name": "budgetbot-hackathon-vpce-textract",
              "Owner": "ptientr.dev@gmail.com",
              "Project": "W7Capstone",
              "Team": "G13"
            },
            "timeouts": null,
            "vpc_endpoint_type": "Interface",
            "vpc_id": "vpc-08b07ea58d6be0d84"
          },
          "sensitive_attributes": [],
          "private": "eyJlMmJmYjczMC1lY2FhLTExZTYtOGY4OC0zNDM2M2JjN2M0YzAiOnsiY3JlYXRlIjo2MDAwMDAwMDAwMDAsImRlbGV0ZSI6NjAwMDAwMDAwMDAwLCJ1cGRhdGUiOjYwMDAwMDAwMDAwMH19",
          "dependencies": [
            "aws_security_group.lambda",
            "aws_security_group.textract",
            "aws_subnet.private_a",
            "aws_subnet.private_b",
            "aws_vpc.main",
            "data.aws_availability_zones.available"
          ]
        }
      ]
    },
    {
      "mode": "managed",
      "type": "random_id",
      "name": "bucket_suffix",
      "provider": "provider[\"registry.terraform.io/hashicorp/random\"]",
      "instances": [
        {
          "schema_version": 0,
          "attributes": {
            "b64_std": "hz/KPQ==",
            "b64_url": "hz_KPQ",
            "byte_length": 4,
            "dec": "2269104701",
            "hex": "873fca3d",
            "id": "hz_KPQ",
            "keepers": null,
            "prefix": null
          },
          "sensitive_attributes": []
        }
      ]
    }
  ],
  "check_results": null
}
